// !$*UTF8*$!
{
	archiveVersion = 1;
	classes = {
	};
	objectVersion = 54;
	objects = {

/* Begin PBXBuildFile section */
		4618301628BA7D4600BFB7E8 /* File.m in Sources */ = {isa = PBXBuildFile; fileRef = 4618301528BA7D4600BFB7E8 /* File.m */; };
		461D13B928BBAEE4001E34CC /* DropTableView.m in Sources */ = {isa = PBXBuildFile; fileRef = 461D13B828BBAEE4001E34CC /* DropTableView.m */; };
		462E688628B94B6F001F569F /* DropView.m in Sources */ = {isa = PBXBuildFile; fileRef = 462E688528B94B6F001F569F /* DropView.m */; };
		462E688A28BA28C8001F569F /* FilesViewController.m in Sources */ = {isa = PBXBuildFile; fileRef = 462E688928BA28C8001F569F /* FilesViewController.m */; };
		4634031728BE5E5B00C759DB /* Send_Library.framework in Frameworks */ = {isa = PBXBuildFile; fileRef = 46EAB07B28BE554800BA82D5 /* Send_Library.framework */; };
		4634031828BE5E5B00C759DB /* Send_Library.framework in Embed Frameworks */ = {isa = PBXBuildFile; fileRef = 46EAB07B28BE554800BA82D5 /* Send_Library.framework */; settings = {ATTRIBUTES = (CodeSignOnCopy, RemoveHeadersOnCopy, ); }; };
		4634032028BE70AE00C759DB /* SettingsStackView.m in Sources */ = {isa = PBXBuildFile; fileRef = 4634031F28BE70AE00C759DB /* SettingsStackView.m */; };
		4634032128BE73EB00C759DB /* ResultView.m in Sources */ = {isa = PBXBuildFile; fileRef = 46CF0F4228BD11FF00298A84 /* ResultView.m */; };
		4634032228BE740600C759DB /* SettingsStackView.m in Sources */ = {isa = PBXBuildFile; fileRef = 4634031F28BE70AE00C759DB /* SettingsStackView.m */; };
		4634033228BE805200C759DB /* Localizable.strings in Resources */ = {isa = PBXBuildFile; fileRef = 4634033428BE805200C759DB /* Localizable.strings */; };
		46371F2C28BA4F5F008F6DFF /* FileItemView.m in Sources */ = {isa = PBXBuildFile; fileRef = 46371F2B28BA4F5F008F6DFF /* FileItemView.m */; };
		46B9E8D22B6E8D1700BFD528 /* DockProgress.m in Sources */ = {isa = PBXBuildFile; fileRef = 46B9E8D12B6E8D1700BFD528 /* DockProgress.m */; };
		46BC690328F1D31200E3D268 /* Sparkle in Frameworks */ = {isa = PBXBuildFile; productRef = 46BC690228F1D31200E3D268 /* Sparkle */; };
		46BFCF3228BBEF66006919D0 /* Credits.rtf in Resources */ = {isa = PBXBuildFile; fileRef = 46BFCF3128BBEF66006919D0 /* Credits.rtf */; };
		46CAAA0828B802430015008F /* AppDelegate.m in Sources */ = {isa = PBXBuildFile; fileRef = 46CAAA0728B802430015008F /* AppDelegate.m */; };
		46CAAA0B28B802430015008F /* WelcomeController.m in Sources */ = {isa = PBXBuildFile; fileRef = 46CAAA0A28B802430015008F /* WelcomeController.m */; };
		46CAAA0D28B802440015008F /* Assets.xcassets in Resources */ = {isa = PBXBuildFile; fileRef = 46CAAA0C28B802440015008F /* Assets.xcassets */; };
		46CAAA1028B802440015008F /* Main.storyboard in Resources */ = {isa = PBXBuildFile; fileRef = 46CAAA0E28B802440015008F /* Main.storyboard */; };
		46CAAA1228B802440015008F /* main.m in Sources */ = {isa = PBXBuildFile; fileRef = 46CAAA1128B802440015008F /* main.m */; };
		46CAAA3928B807050015008F /* UploadViewController.m in Sources */ = {isa = PBXBuildFile; fileRef = 46CAAA3828B807050015008F /* UploadViewController.m */; };
		46CF0F4328BD11FF00298A84 /* ResultView.m in Sources */ = {isa = PBXBuildFile; fileRef = 46CF0F4228BD11FF00298A84 /* ResultView.m */; };
		46CF0F4628BD496900298A84 /* DotAnimatedTextField.m in Sources */ = {isa = PBXBuildFile; fileRef = 46CF0F4528BD496900298A84 /* DotAnimatedTextField.m */; };
		46D4CE0E28BE0C2000CD26B5 /* Localizable.strings in Resources */ = {isa = PBXBuildFile; fileRef = 46D4CE1028BE0C2000CD26B5 /* Localizable.strings */; };
		46EAB06128BE446D00BA82D5 /* icon.icns in Resources */ = {isa = PBXBuildFile; fileRef = 46EAB06028BE446D00BA82D5 /* icon.icns */; };
		46EAB06428BE446D00BA82D5 /* ShareViewController.m in Sources */ = {isa = PBXBuildFile; fileRef = 46EAB06328BE446D00BA82D5 /* ShareViewController.m */; };
		46EAB06728BE446D00BA82D5 /* ShareViewController.xib in Resources */ = {isa = PBXBuildFile; fileRef = 46EAB06528BE446D00BA82D5 /* ShareViewController.xib */; };
		46EAB06C28BE446D00BA82D5 /* Send Share.appex in Embed Foundation Extensions */ = {isa = PBXBuildFile; fileRef = 46EAB05E28BE446D00BA82D5 /* Send Share.appex */; settings = {ATTRIBUTES = (RemoveHeadersOnCopy, ); }; };
		46EAB08828BE55E200BA82D5 /* SendUploadDelegate.h in Headers */ = {isa = PBXBuildFile; fileRef = 46EAB08728BE55E200BA82D5 /* SendUploadDelegate.h */; settings = {ATTRIBUTES = (Public, ); }; };
		46EAB09828BE57CD00BA82D5 /* Send.h in Headers */ = {isa = PBXBuildFile; fileRef = 46CAAA4328B81B3C0015008F /* Send.h */; settings = {ATTRIBUTES = (Public, ); }; };
		46EAB09928BE586400BA82D5 /* ffsend.dylib in Frameworks */ = {isa = PBXBuildFile; fileRef = 46EAB09228BE566700BA82D5 /* ffsend.dylib */; };
		46EAB09A28BE586400BA82D5 /* ffsend.dylib in Embed Libraries */ = {isa = PBXBuildFile; fileRef = 46EAB09228BE566700BA82D5 /* ffsend.dylib */; settings = {ATTRIBUTES = (CodeSignOnCopy, ); }; };
		46EAB09B28BE586800BA82D5 /* libzip.framework in Frameworks */ = {isa = PBXBuildFile; fileRef = 46EAB09728BE567000BA82D5 /* libzip.framework */; };
		46EAB09C28BE586800BA82D5 /* libzip.framework in Embed Libraries */ = {isa = PBXBuildFile; fileRef = 46EAB09728BE567000BA82D5 /* libzip.framework */; settings = {ATTRIBUTES = (CodeSignOnCopy, RemoveHeadersOnCopy, ); }; };
		46EAB09D28BE589400BA82D5 /* Send_Library.framework in Frameworks */ = {isa = PBXBuildFile; fileRef = 46EAB07B28BE554800BA82D5 /* Send_Library.framework */; };
		46EAB09E28BE589400BA82D5 /* Send_Library.framework in Embed Frameworks */ = {isa = PBXBuildFile; fileRef = 46EAB07B28BE554800BA82D5 /* Send_Library.framework */; settings = {ATTRIBUTES = (CodeSignOnCopy, RemoveHeadersOnCopy, ); }; };
		46EAB0A228BE58FC00BA82D5 /* Send.m in Sources */ = {isa = PBXBuildFile; fileRef = 46CAAA4428B81B3C0015008F /* Send.m */; };
/* End PBXBuildFile section */

/* Begin PBXContainerItemProxy section */
		4634031928BE5E5B00C759DB /* PBXContainerItemProxy */ = {
			isa = PBXContainerItemProxy;
			containerPortal = 46CAA9FB28B802430015008F /* Project object */;
			proxyType = 1;
			remoteGlobalIDString = 46EAB07A28BE554800BA82D5;
			remoteInfo = "Send Library";
		};
		46EAB06A28BE446D00BA82D5 /* PBXContainerItemProxy */ = {
			isa = PBXContainerItemProxy;
			containerPortal = 46CAA9FB28B802430015008F /* Project object */;
			proxyType = 1;
			remoteGlobalIDString = 46EAB05D28BE446D00BA82D5;
			remoteInfo = "Send Share";
		};
		46EAB09128BE566700BA82D5 /* PBXContainerItemProxy */ = {
			isa = PBXContainerItemProxy;
			containerPortal = 46CAAA3C28B808250015008F /* libffsend.xcodeproj */;
			proxyType = 2;
			remoteGlobalIDString = CA607EE972B195EB9635735F;
			remoteInfo = "ffsend-cdylib";
		};
		46EAB09628BE567000BA82D5 /* PBXContainerItemProxy */ = {
			isa = PBXContainerItemProxy;
			containerPortal = 46371F2228BA46EF008F6DFF /* libzip.xcodeproj */;
			proxyType = 2;
			remoteGlobalIDString = AFF75A241C37279600F450AC;
			remoteInfo = "libzip-Mac";
		};
		46EAB09F28BE589400BA82D5 /* PBXContainerItemProxy */ = {
			isa = PBXContainerItemProxy;
			containerPortal = 46CAA9FB28B802430015008F /* Project object */;
			proxyType = 1;
			remoteGlobalIDString = 46EAB07A28BE554800BA82D5;
			remoteInfo = libffsendObjc;
		};
/* End PBXContainerItemProxy section */

/* Begin PBXCopyFilesBuildPhase section */
		4634031B28BE5E5B00C759DB /* Embed Frameworks */ = {
			isa = PBXCopyFilesBuildPhase;
			buildActionMask = 2147483647;
			dstPath = "";
			dstSubfolderSpec = 10;
			files = (
				4634031828BE5E5B00C759DB /* Send_Library.framework in Embed Frameworks */,
			);
			name = "Embed Frameworks";
			runOnlyForDeploymentPostprocessing = 0;
		};
		46EAB07028BE446D00BA82D5 /* Embed Foundation Extensions */ = {
			isa = PBXCopyFilesBuildPhase;
			buildActionMask = 2147483647;
			dstPath = "";
			dstSubfolderSpec = 13;
			files = (
				46EAB06C28BE446D00BA82D5 /* Send Share.appex in Embed Foundation Extensions */,
			);
			name = "Embed Foundation Extensions";
			runOnlyForDeploymentPostprocessing = 0;
		};
		46EAB08B28BE560300BA82D5 /* Embed Libraries */ = {
			isa = PBXCopyFilesBuildPhase;
			buildActionMask = 2147483647;
			dstPath = "";
			dstSubfolderSpec = 10;
			files = (
				46EAB09C28BE586800BA82D5 /* libzip.framework in Embed Libraries */,
				46EAB09A28BE586400BA82D5 /* ffsend.dylib in Embed Libraries */,
			);
			name = "Embed Libraries";
			runOnlyForDeploymentPostprocessing = 0;
		};
		46EAB0A128BE589400BA82D5 /* Embed Frameworks */ = {
			isa = PBXCopyFilesBuildPhase;
			buildActionMask = 2147483647;
			dstPath = "";
			dstSubfolderSpec = 10;
			files = (
				46EAB09E28BE589400BA82D5 /* Send_Library.framework in Embed Frameworks */,
			);
			name = "Embed Frameworks";
			runOnlyForDeploymentPostprocessing = 0;
		};
/* End PBXCopyFilesBuildPhase section */

/* Begin PBXFileReference section */
		4618301428BA7D4600BFB7E8 /* File.h */ = {isa = PBXFileReference; fileEncoding = 4; lastKnownFileType = sourcecode.c.h; lineEnding = 0; path = File.h; sourceTree = "<group>"; };
		4618301528BA7D4600BFB7E8 /* File.m */ = {isa = PBXFileReference; fileEncoding = 4; lastKnownFileType = sourcecode.c.objc; lineEnding = 0; path = File.m; sourceTree = "<group>"; };
		4618301A28BA80CF00BFB7E8 /* FileItemViewDelegate.h */ = {isa = PBXFileReference; fileEncoding = 4; lastKnownFileType = sourcecode.c.h; lineEnding = 0; path = FileItemViewDelegate.h; sourceTree = "<group>"; };
		461D13B728BBAEE4001E34CC /* DropTableView.h */ = {isa = PBXFileReference; fileEncoding = 4; lastKnownFileType = sourcecode.c.h; lineEnding = 0; path = DropTableView.h; sourceTree = "<group>"; };
		461D13B828BBAEE4001E34CC /* DropTableView.m */ = {isa = PBXFileReference; fileEncoding = 4; lastKnownFileType = sourcecode.c.objc; lineEnding = 0; path = DropTableView.m; sourceTree = "<group>"; };
		462E688428B94B6F001F569F /* DropView.h */ = {isa = PBXFileReference; fileEncoding = 4; lastKnownFileType = sourcecode.c.h; lineEnding = 0; path = DropView.h; sourceTree = "<group>"; };
		462E688528B94B6F001F569F /* DropView.m */ = {isa = PBXFileReference; fileEncoding = 4; lastKnownFileType = sourcecode.c.objc; lineEnding = 0; path = DropView.m; sourceTree = "<group>"; };
		462E688828BA28C8001F569F /* FilesViewController.h */ = {isa = PBXFileReference; fileEncoding = 4; lastKnownFileType = sourcecode.c.h; lineEnding = 0; path = FilesViewController.h; sourceTree = "<group>"; };
		462E688928BA28C8001F569F /* FilesViewController.m */ = {isa = PBXFileReference; fileEncoding = 4; lastKnownFileType = sourcecode.c.objc; lineEnding = 0; path = FilesViewController.m; sourceTree = "<group>"; };
		4634031E28BE70AE00C759DB /* SettingsStackView.h */ = {isa = PBXFileReference; fileEncoding = 4; lastKnownFileType = sourcecode.c.h; lineEnding = 0; path = SettingsStackView.h; sourceTree = "<group>"; };
		4634031F28BE70AE00C759DB /* SettingsStackView.m */ = {isa = PBXFileReference; fileEncoding = 4; lastKnownFileType = sourcecode.c.objc; lineEnding = 0; path = SettingsStackView.m; sourceTree = "<group>"; };
		4634032D28BE7EA100C759DB /* cs */ = {isa = PBXFileReference; fileEncoding = 4; lastKnownFileType = text.plist.strings; lineEnding = 0; name = cs; path = cs.lproj/ShareViewController.strings; sourceTree = "<group>"; };
		4634033328BE805200C759DB /* cs */ = {isa = PBXFileReference; lastKnownFileType = text.plist.strings; name = cs; path = cs.lproj/Localizable.strings; sourceTree = "<group>"; };
		46371F2228BA46EF008F6DFF /* libzip.xcodeproj */ = {isa = PBXFileReference; lastKnownFileType = "wrapper.pb-project"; name = libzip.xcodeproj; path = libzip/libzip.xcodeproj; sourceTree = "<group>"; };
		46371F2A28BA4F5F008F6DFF /* FileItemView.h */ = {isa = PBXFileReference; fileEncoding = 4; lastKnownFileType = sourcecode.c.h; lineEnding = 0; path = FileItemView.h; sourceTree = "<group>"; };
		46371F2B28BA4F5F008F6DFF /* FileItemView.m */ = {isa = PBXFileReference; fileEncoding = 4; lastKnownFileType = sourcecode.c.objc; lineEnding = 0; path = FileItemView.m; sourceTree = "<group>"; };
		4651F4B328BB9E2A00FF3E4D /* DropDelegate.h */ = {isa = PBXFileReference; fileEncoding = 4; lastKnownFileType = sourcecode.c.h; lineEnding = 0; path = DropDelegate.h; sourceTree = "<group>"; };
		46769B3F28BC038700F06426 /* Info.plist */ = {isa = PBXFileReference; lastKnownFileType = text.plist; path = Info.plist; sourceTree = "<group>"; };
		46B9E8D02B6E8D1700BFD528 /* DockProgress.h */ = {isa = PBXFileReference; lastKnownFileType = sourcecode.c.h; path = DockProgress.h; sourceTree = "<group>"; };
		46B9E8D12B6E8D1700BFD528 /* DockProgress.m */ = {isa = PBXFileReference; lastKnownFileType = sourcecode.c.objc; path = DockProgress.m; sourceTree = "<group>"; };
		46BFCF3128BBEF66006919D0 /* Credits.rtf */ = {isa = PBXFileReference; lastKnownFileType = text.rtf; path = Credits.rtf; sourceTree = "<group>"; };
		46CAAA0328B802430015008F /* Send.app */ = {isa = PBXFileReference; explicitFileType = wrapper.application; includeInIndex = 0; path = Send.app; sourceTree = BUILT_PRODUCTS_DIR; };
		46CAAA0628B802430015008F /* AppDelegate.h */ = {isa = PBXFileReference; fileEncoding = 4; lastKnownFileType = sourcecode.c.h; lineEnding = 0; path = AppDelegate.h; sourceTree = "<group>"; };
		46CAAA0728B802430015008F /* AppDelegate.m */ = {isa = PBXFileReference; fileEncoding = 4; lastKnownFileType = sourcecode.c.objc; lineEnding = 0; path = AppDelegate.m; sourceTree = "<group>"; };
		46CAAA0928B802430015008F /* WelcomeController.h */ = {isa = PBXFileReference; fileEncoding = 4; lastKnownFileType = sourcecode.c.h; lineEnding = 0; path = WelcomeController.h; sourceTree = "<group>"; };
		46CAAA0A28B802430015008F /* WelcomeController.m */ = {isa = PBXFileReference; fileEncoding = 4; lastKnownFileType = sourcecode.c.objc; lineEnding = 0; path = WelcomeController.m; sourceTree = "<group>"; };
		46CAAA0C28B802440015008F /* Assets.xcassets */ = {isa = PBXFileReference; lastKnownFileType = folder.assetcatalog; path = Assets.xcassets; sourceTree = "<group>"; };
		46CAAA0F28B802440015008F /* Base */ = {isa = PBXFileReference; lastKnownFileType = file.storyboard; name = Base; path = Base.lproj/Main.storyboard; sourceTree = "<group>"; };
		46CAAA1128B802440015008F /* main.m */ = {isa = PBXFileReference; fileEncoding = 4; lastKnownFileType = sourcecode.c.objc; lineEnding = 0; path = main.m; sourceTree = "<group>"; };
		46CAAA1328B802440015008F /* Send.entitlements */ = {isa = PBXFileReference; lastKnownFileType = text.plist.entitlements; path = Send.entitlements; sourceTree = "<group>"; };
		46CAAA3728B807050015008F /* UploadViewController.h */ = {isa = PBXFileReference; fileEncoding = 4; lastKnownFileType = sourcecode.c.h; lineEnding = 0; path = UploadViewController.h; sourceTree = "<group>"; };
		46CAAA3828B807050015008F /* UploadViewController.m */ = {isa = PBXFileReference; fileEncoding = 4; lastKnownFileType = sourcecode.c.objc; lineEnding = 0; path = UploadViewController.m; sourceTree = "<group>"; };
		46CAAA3C28B808250015008F /* libffsend.xcodeproj */ = {isa = PBXFileReference; lastKnownFileType = "wrapper.pb-project"; name = libffsend.xcodeproj; path = libffsend/libffsend.xcodeproj; sourceTree = "<group>"; };
		46CAAA4328B81B3C0015008F /* Send.h */ = {isa = PBXFileReference; fileEncoding = 4; lastKnownFileType = sourcecode.c.h; lineEnding = 0; path = Send.h; sourceTree = "<group>"; };
		46CAAA4428B81B3C0015008F /* Send.m */ = {isa = PBXFileReference; fileEncoding = 4; lastKnownFileType = sourcecode.c.objc; lineEnding = 0; path = Send.m; sourceTree = "<group>"; };
		46CF0F4128BD11FF00298A84 /* ResultView.h */ = {isa = PBXFileReference; fileEncoding = 4; lastKnownFileType = sourcecode.c.h; lineEnding = 0; path = ResultView.h; sourceTree = "<group>"; };
		46CF0F4228BD11FF00298A84 /* ResultView.m */ = {isa = PBXFileReference; fileEncoding = 4; lastKnownFileType = sourcecode.c.objc; lineEnding = 0; path = ResultView.m; sourceTree = "<group>"; };
		46CF0F4428BD496900298A84 /* DotAnimatedTextField.h */ = {isa = PBXFileReference; fileEncoding = 4; lastKnownFileType = sourcecode.c.h; lineEnding = 0; path = DotAnimatedTextField.h; sourceTree = "<group>"; };
		46CF0F4528BD496900298A84 /* DotAnimatedTextField.m */ = {isa = PBXFileReference; fileEncoding = 4; lastKnownFileType = sourcecode.c.objc; lineEnding = 0; path = DotAnimatedTextField.m; sourceTree = "<group>"; };
		46CF0F4A28BE048F00298A84 /* cs */ = {isa = PBXFileReference; fileEncoding = 4; lastKnownFileType = text.plist.strings; lineEnding = 0; name = cs; path = cs.lproj/Main.strings; sourceTree = "<group>"; };
		46D4CE0F28BE0C2000CD26B5 /* cs */ = {isa = PBXFileReference; lastKnownFileType = text.plist.strings; name = cs; path = cs.lproj/Localizable.strings; sourceTree = "<group>"; };
		46EAB05E28BE446D00BA82D5 /* Send Share.appex */ = {isa = PBXFileReference; explicitFileType = "wrapper.app-extension"; includeInIndex = 0; path = "Send Share.appex"; sourceTree = BUILT_PRODUCTS_DIR; };
		46EAB06028BE446D00BA82D5 /* icon.icns */ = {isa = PBXFileReference; lastKnownFileType = image.icns; path = icon.icns; sourceTree = "<group>"; };
		46EAB06228BE446D00BA82D5 /* ShareViewController.h */ = {isa = PBXFileReference; fileEncoding = 4; lastKnownFileType = sourcecode.c.h; lineEnding = 0; path = ShareViewController.h; sourceTree = "<group>"; };
		46EAB06328BE446D00BA82D5 /* ShareViewController.m */ = {isa = PBXFileReference; fileEncoding = 4; lastKnownFileType = sourcecode.c.objc; lineEnding = 0; path = ShareViewController.m; sourceTree = "<group>"; };
		46EAB06628BE446D00BA82D5 /* Base */ = {isa = PBXFileReference; lastKnownFileType = file.xib; name = Base; path = Base.lproj/ShareViewController.xib; sourceTree = "<group>"; };
		46EAB06828BE446D00BA82D5 /* Info.plist */ = {isa = PBXFileReference; lastKnownFileType = text.plist.xml; path = Info.plist; sourceTree = "<group>"; };
		46EAB06928BE446D00BA82D5 /* Send_Share.entitlements */ = {isa = PBXFileReference; lastKnownFileType = text.plist.entitlements; path = Send_Share.entitlements; sourceTree = "<group>"; };
		46EAB07B28BE554800BA82D5 /* Send_Library.framework */ = {isa = PBXFileReference; explicitFileType = wrapper.framework; includeInIndex = 0; path = Send_Library.framework; sourceTree = BUILT_PRODUCTS_DIR; };
		46EAB08728BE55E200BA82D5 /* SendUploadDelegate.h */ = {isa = PBXFileReference; fileEncoding = 4; lastKnownFileType = sourcecode.c.h; lineEnding = 0; path = SendUploadDelegate.h; sourceTree = "<group>"; };
/* End PBXFileReference section */

/* Begin PBXFrameworksBuildPhase section */
		46CAAA0028B802430015008F /* Frameworks */ = {
			isa = PBXFrameworksBuildPhase;
			buildActionMask = 2147483647;
			files = (
				46EAB09D28BE589400BA82D5 /* Send_Library.framework in Frameworks */,
				46BC690328F1D31200E3D268 /* Sparkle in Frameworks */,
			);
			runOnlyForDeploymentPostprocessing = 0;
		};
		46EAB05B28BE446D00BA82D5 /* Frameworks */ = {
			isa = PBXFrameworksBuildPhase;
			buildActionMask = 2147483647;
			files = (
				4634031728BE5E5B00C759DB /* Send_Library.framework in Frameworks */,
			);
			runOnlyForDeploymentPostprocessing = 0;
		};
		46EAB07828BE554800BA82D5 /* Frameworks */ = {
			isa = PBXFrameworksBuildPhase;
			buildActionMask = 2147483647;
			files = (
				46EAB09B28BE586800BA82D5 /* libzip.framework in Frameworks */,
				46EAB09928BE586400BA82D5 /* ffsend.dylib in Frameworks */,
			);
			runOnlyForDeploymentPostprocessing = 0;
		};
/* End PBXFrameworksBuildPhase section */

/* Begin PBXGroup section */
		4618301328BA7D3600BFB7E8 /* Model */ = {
			isa = PBXGroup;
			children = (
				4618301428BA7D4600BFB7E8 /* File.h */,
				4618301528BA7D4600BFB7E8 /* File.m */,
			);
			path = Model;
			sourceTree = "<group>";
		};
		4618301728BA7FE100BFB7E8 /* Table */ = {
			isa = PBXGroup;
			children = (
				46371F2928BA4F4A008F6DFF /* Files */,
			);
			path = Table;
			sourceTree = "<group>";
		};
		4618301828BA808F00BFB7E8 /* Class */ = {
			isa = PBXGroup;
			children = (
				46371F2A28BA4F5F008F6DFF /* FileItemView.h */,
				46371F2B28BA4F5F008F6DFF /* FileItemView.m */,
			);
			path = Class;
			sourceTree = "<group>";
		};
		4618301928BA80BF00BFB7E8 /* Protocol */ = {
			isa = PBXGroup;
			children = (
				4618301A28BA80CF00BFB7E8 /* FileItemViewDelegate.h */,
			);
			path = Protocol;
			sourceTree = "<group>";
		};
		4634031C28BE6EE800C759DB /* Controllers */ = {
			isa = PBXGroup;
			children = (
				46EAB06228BE446D00BA82D5 /* ShareViewController.h */,
				46EAB06328BE446D00BA82D5 /* ShareViewController.m */,
			);
			path = Controllers;
			sourceTree = "<group>";
		};
		4634032328BE741300C759DB /* Shared */ = {
			isa = PBXGroup;
			children = (
				4634032428BE741700C759DB /* Views */,
			);
			path = Shared;
			sourceTree = "<group>";
		};
		4634032428BE741700C759DB /* Views */ = {
			isa = PBXGroup;
			children = (
				4634031E28BE70AE00C759DB /* SettingsStackView.h */,
				4634031F28BE70AE00C759DB /* SettingsStackView.m */,
				46CF0F4128BD11FF00298A84 /* ResultView.h */,
				46CF0F4228BD11FF00298A84 /* ResultView.m */,
			);
			path = Views;
			sourceTree = "<group>";
		};
		4634032528BE77FE00C759DB /* WelcomeView */ = {
			isa = PBXGroup;
			children = (
				4634032628BE783800C759DB /* Drop */,
			);
			path = WelcomeView;
			sourceTree = "<group>";
		};
		4634032628BE783800C759DB /* Drop */ = {
			isa = PBXGroup;
			children = (
				4651F4B228BB9E0D00FF3E4D /* Protocol */,
				4651F4B128BB9E0400FF3E4D /* Class */,
			);
			path = Drop;
			sourceTree = "<group>";
		};
		4634032728BE784E00C759DB /* FilesView */ = {
			isa = PBXGroup;
			children = (
				4618301728BA7FE100BFB7E8 /* Table */,
				4651F4AE28BB9DFA00FF3E4D /* Drop */,
			);
			path = FilesView;
			sourceTree = "<group>";
		};
		4634032828BE786B00C759DB /* UploadView */ = {
			isa = PBXGroup;
			children = (
				46CF0F3E28BD11EF00298A84 /* Upload */,
			);
			path = UploadView;
			sourceTree = "<group>";
		};
		46371F2928BA4F4A008F6DFF /* Files */ = {
			isa = PBXGroup;
			children = (
				4618301928BA80BF00BFB7E8 /* Protocol */,
				4618301828BA808F00BFB7E8 /* Class */,
			);
			path = Files;
			sourceTree = "<group>";
		};
		4651F4AE28BB9DFA00FF3E4D /* Drop */ = {
			isa = PBXGroup;
			children = (
				461D13B728BBAEE4001E34CC /* DropTableView.h */,
				461D13B828BBAEE4001E34CC /* DropTableView.m */,
			);
			path = Drop;
			sourceTree = "<group>";
		};
		4651F4B128BB9E0400FF3E4D /* Class */ = {
			isa = PBXGroup;
			children = (
				462E688428B94B6F001F569F /* DropView.h */,
				462E688528B94B6F001F569F /* DropView.m */,
			);
			path = Class;
			sourceTree = "<group>";
		};
		4651F4B228BB9E0D00FF3E4D /* Protocol */ = {
			isa = PBXGroup;
			children = (
				4651F4B328BB9E2A00FF3E4D /* DropDelegate.h */,
			);
			path = Protocol;
			sourceTree = "<group>";
		};
		46930D2028B81F9700B07A0C /* Frameworks */ = {
			isa = PBXGroup;
			children = (
			);
			name = Frameworks;
			sourceTree = "<group>";
		};
		46930D2528B8334B00B07A0C /* Class */ = {
			isa = PBXGroup;
			children = (
				46CAAA4428B81B3C0015008F /* Send.m */,
				46CAAA4328B81B3C0015008F /* Send.h */,
			);
			path = Class;
			sourceTree = "<group>";
		};
		46B9E8CF2B6E8D0100BFD528 /* DockProgress */ = {
			isa = PBXGroup;
			children = (
				46B9E8D02B6E8D1700BFD528 /* DockProgress.h */,
				46B9E8D12B6E8D1700BFD528 /* DockProgress.m */,
			);
			path = DockProgress;
			sourceTree = "<group>";
		};
		46CAA9FA28B802430015008F = {
			isa = PBXGroup;
			children = (
				46CAAA0528B802430015008F /* Send */,
				46EAB05F28BE446D00BA82D5 /* Send Share */,
				46EAB07C28BE554800BA82D5 /* Send Library */,
				46CAAA0428B802430015008F /* Products */,
				46930D2028B81F9700B07A0C /* Frameworks */,
			);
			sourceTree = "<group>";
		};
		46CAAA0428B802430015008F /* Products */ = {
			isa = PBXGroup;
			children = (
				46CAAA0328B802430015008F /* Send.app */,
				46EAB05E28BE446D00BA82D5 /* Send Share.appex */,
				46EAB07B28BE554800BA82D5 /* Send_Library.framework */,
			);
			name = Products;
			sourceTree = "<group>";
		};
		46CAAA0528B802430015008F /* Send */ = {
			isa = PBXGroup;
			children = (
				46B9E8CF2B6E8D0100BFD528 /* DockProgress */,
				4634032328BE741300C759DB /* Shared */,
				46769B3F28BC038700F06426 /* Info.plist */,
				4618301328BA7D3600BFB7E8 /* Model */,
				46CAAA3B28B8077E0015008F /* Views */,
				46CAAA3A28B8070B0015008F /* Controllers */,
				46CAAA0628B802430015008F /* AppDelegate.h */,
				46CAAA0728B802430015008F /* AppDelegate.m */,
				46CAAA0C28B802440015008F /* Assets.xcassets */,
				46CAAA0E28B802440015008F /* Main.storyboard */,
				46CAAA1128B802440015008F /* main.m */,
				46CAAA1328B802440015008F /* Send.entitlements */,
				46BFCF3128BBEF66006919D0 /* Credits.rtf */,
				46D4CE1028BE0C2000CD26B5 /* Localizable.strings */,
			);
			path = Send;
			sourceTree = "<group>";
		};
		46CAAA3A28B8070B0015008F /* Controllers */ = {
			isa = PBXGroup;
			children = (
				46CAAA0928B802430015008F /* WelcomeController.h */,
				46CAAA0A28B802430015008F /* WelcomeController.m */,
				46CAAA3728B807050015008F /* UploadViewController.h */,
				46CAAA3828B807050015008F /* UploadViewController.m */,
				462E688828BA28C8001F569F /* FilesViewController.h */,
				462E688928BA28C8001F569F /* FilesViewController.m */,
			);
			path = Controllers;
			sourceTree = "<group>";
		};
		46CAAA3B28B8077E0015008F /* Views */ = {
			isa = PBXGroup;
			children = (
				4634032828BE786B00C759DB /* UploadView */,
				4634032728BE784E00C759DB /* FilesView */,
				4634032528BE77FE00C759DB /* WelcomeView */,
			);
			path = Views;
			sourceTree = "<group>";
		};
		46CF0F3E28BD11EF00298A84 /* Upload */ = {
			isa = PBXGroup;
			children = (
				46CF0F4428BD496900298A84 /* DotAnimatedTextField.h */,
				46CF0F4528BD496900298A84 /* DotAnimatedTextField.m */,
			);
			path = Upload;
			sourceTree = "<group>";
		};
		46EAB05F28BE446D00BA82D5 /* Send Share */ = {
			isa = PBXGroup;
			children = (
				4634031C28BE6EE800C759DB /* Controllers */,
				46EAB06028BE446D00BA82D5 /* icon.icns */,
				46EAB06528BE446D00BA82D5 /* ShareViewController.xib */,
				46EAB06828BE446D00BA82D5 /* Info.plist */,
				46EAB06928BE446D00BA82D5 /* Send_Share.entitlements */,
				4634033428BE805200C759DB /* Localizable.strings */,
			);
			path = "Send Share";
			sourceTree = "<group>";
		};
		46EAB07C28BE554800BA82D5 /* Send Library */ = {
			isa = PBXGroup;
			children = (
				46CAAA3C28B808250015008F /* libffsend.xcodeproj */,
				46371F2228BA46EF008F6DFF /* libzip.xcodeproj */,
				46EAB08628BE55D300BA82D5 /* Protocol */,
				46930D2528B8334B00B07A0C /* Class */,
			);
			path = "Send Library";
			sourceTree = "<group>";
		};
		46EAB08628BE55D300BA82D5 /* Protocol */ = {
			isa = PBXGroup;
			children = (
				46EAB08728BE55E200BA82D5 /* SendUploadDelegate.h */,
			);
			path = Protocol;
			sourceTree = "<group>";
		};
		46EAB08E28BE566700BA82D5 /* Products */ = {
			isa = PBXGroup;
			children = (
				46EAB09228BE566700BA82D5 /* ffsend.dylib */,
			);
			name = Products;
			sourceTree = "<group>";
		};
		46EAB09328BE567000BA82D5 /* Products */ = {
			isa = PBXGroup;
			children = (
				46EAB09728BE567000BA82D5 /* libzip.framework */,
			);
			name = Products;
			sourceTree = "<group>";
		};
/* End PBXGroup section */

/* Begin PBXHeadersBuildPhase section */
		46EAB07628BE554800BA82D5 /* Headers */ = {
			isa = PBXHeadersBuildPhase;
			buildActionMask = 2147483647;
			files = (
				46EAB08828BE55E200BA82D5 /* SendUploadDelegate.h in Headers */,
				46EAB09828BE57CD00BA82D5 /* Send.h in Headers */,
			);
			runOnlyForDeploymentPostprocessing = 0;
		};
/* End PBXHeadersBuildPhase section */

/* Begin PBXNativeTarget section */
		46CAAA0228B802430015008F /* Send */ = {
			isa = PBXNativeTarget;
			buildConfigurationList = 46CAAA2C28B802440015008F /* Build configuration list for PBXNativeTarget "Send" */;
			buildPhases = (
				46CAA9FF28B802430015008F /* Sources */,
				46CAAA0028B802430015008F /* Frameworks */,
				46CAAA0128B802430015008F /* Resources */,
				46EAB07028BE446D00BA82D5 /* Embed Foundation Extensions */,
				46EAB0A128BE589400BA82D5 /* Embed Frameworks */,
			);
			buildRules = (
			);
			dependencies = (
				46EAB06B28BE446D00BA82D5 /* PBXTargetDependency */,
				46EAB0A028BE589400BA82D5 /* PBXTargetDependency */,
			);
			name = Send;
			packageProductDependencies = (
				46BC690228F1D31200E3D268 /* Sparkle */,
			);
			productName = Send;
			productReference = 46CAAA0328B802430015008F /* Send.app */;
			productType = "com.apple.product-type.application";
		};
		46EAB05D28BE446D00BA82D5 /* Send Share */ = {
			isa = PBXNativeTarget;
			buildConfigurationList = 46EAB06D28BE446D00BA82D5 /* Build configuration list for PBXNativeTarget "Send Share" */;
			buildPhases = (
				46EAB05A28BE446D00BA82D5 /* Sources */,
				46EAB05B28BE446D00BA82D5 /* Frameworks */,
				46EAB05C28BE446D00BA82D5 /* Resources */,
				4634031B28BE5E5B00C759DB /* Embed Frameworks */,
			);
			buildRules = (
			);
			dependencies = (
				4634031A28BE5E5B00C759DB /* PBXTargetDependency */,
			);
			name = "Send Share";
			productName = "Send Share";
			productReference = 46EAB05E28BE446D00BA82D5 /* Send Share.appex */;
			productType = "com.apple.product-type.app-extension";
		};
		46EAB07A28BE554800BA82D5 /* Send Library */ = {
			isa = PBXNativeTarget;
			buildConfigurationList = 46EAB08328BE554800BA82D5 /* Build configuration list for PBXNativeTarget "Send Library" */;
			buildPhases = (
				46EAB07628BE554800BA82D5 /* Headers */,
				46EAB07728BE554800BA82D5 /* Sources */,
				46EAB07828BE554800BA82D5 /* Frameworks */,
				46EAB07928BE554800BA82D5 /* Resources */,
				46EAB08B28BE560300BA82D5 /* Embed Libraries */,
			);
			buildRules = (
			);
			dependencies = (
			);
			name = "Send Library";
			productName = libffsendObjc;
			productReference = 46EAB07B28BE554800BA82D5 /* Send_Library.framework */;
			productType = "com.apple.product-type.framework";
		};
/* End PBXNativeTarget section */

/* Begin PBXProject section */
		46CAA9FB28B802430015008F /* Project object */ = {
			isa = PBXProject;
			attributes = {
				BuildIndependentTargetsInParallel = 1;
				LastUpgradeCheck = 1410;
				ORGANIZATIONNAME = "";
				TargetAttributes = {
					46CAAA0228B802430015008F = {
						CreatedOnToolsVersion = 14.0;
					};
					46EAB05D28BE446D00BA82D5 = {
						CreatedOnToolsVersion = 14.0;
					};
					46EAB07A28BE554800BA82D5 = {
						CreatedOnToolsVersion = 14.0;
					};
				};
			};
			buildConfigurationList = 46CAA9FE28B802430015008F /* Build configuration list for PBXProject "Send" */;
			compatibilityVersion = "Xcode 12.0";
			developmentRegion = en;
			hasScannedForEncodings = 0;
			knownRegions = (
				en,
				Base,
				cs,
			);
			mainGroup = 46CAA9FA28B802430015008F;
			packageReferences = (
				46BC690128F1D31200E3D268 /* XCRemoteSwiftPackageReference "Sparkle" */,
			);
			productRefGroup = 46CAAA0428B802430015008F /* Products */;
			projectDirPath = "";
			projectReferences = (
				{
					ProductGroup = 46EAB08E28BE566700BA82D5 /* Products */;
					ProjectRef = 46CAAA3C28B808250015008F /* libffsend.xcodeproj */;
				},
				{
					ProductGroup = 46EAB09328BE567000BA82D5 /* Products */;
					ProjectRef = 46371F2228BA46EF008F6DFF /* libzip.xcodeproj */;
				},
			);
			projectRoot = "";
			targets = (
				46CAAA0228B802430015008F /* Send */,
				46EAB05D28BE446D00BA82D5 /* Send Share */,
				46EAB07A28BE554800BA82D5 /* Send Library */,
			);
		};
/* End PBXProject section */

/* Begin PBXReferenceProxy section */
		46EAB09228BE566700BA82D5 /* ffsend.dylib */ = {
			isa = PBXReferenceProxy;
			fileType = "compiled.mach-o.dylib";
			path = ffsend.dylib;
			remoteRef = 46EAB09128BE566700BA82D5 /* PBXContainerItemProxy */;
			sourceTree = BUILT_PRODUCTS_DIR;
		};
		46EAB09728BE567000BA82D5 /* libzip.framework */ = {
			isa = PBXReferenceProxy;
			fileType = wrapper.framework;
			path = libzip.framework;
			remoteRef = 46EAB09628BE567000BA82D5 /* PBXContainerItemProxy */;
			sourceTree = BUILT_PRODUCTS_DIR;
		};
/* End PBXReferenceProxy section */

/* Begin PBXResourcesBuildPhase section */
		46CAAA0128B802430015008F /* Resources */ = {
			isa = PBXResourcesBuildPhase;
			buildActionMask = 2147483647;
			files = (
				46CAAA0D28B802440015008F /* Assets.xcassets in Resources */,
				46D4CE0E28BE0C2000CD26B5 /* Localizable.strings in Resources */,
				46BFCF3228BBEF66006919D0 /* Credits.rtf in Resources */,
				46CAAA1028B802440015008F /* Main.storyboard in Resources */,
			);
			runOnlyForDeploymentPostprocessing = 0;
		};
		46EAB05C28BE446D00BA82D5 /* Resources */ = {
			isa = PBXResourcesBuildPhase;
			buildActionMask = 2147483647;
			files = (
				4634033228BE805200C759DB /* Localizable.strings in Resources */,
				46EAB06728BE446D00BA82D5 /* ShareViewController.xib in Resources */,
				46EAB06128BE446D00BA82D5 /* icon.icns in Resources */,
			);
			runOnlyForDeploymentPostprocessing = 0;
		};
		46EAB07928BE554800BA82D5 /* Resources */ = {
			isa = PBXResourcesBuildPhase;
			buildActionMask = 2147483647;
			files = (
			);
			runOnlyForDeploymentPostprocessing = 0;
		};
/* End PBXResourcesBuildPhase section */

/* Begin PBXSourcesBuildPhase section */
		46CAA9FF28B802430015008F /* Sources */ = {
			isa = PBXSourcesBuildPhase;
			buildActionMask = 2147483647;
			files = (
				46CF0F4628BD496900298A84 /* DotAnimatedTextField.m in Sources */,
				461D13B928BBAEE4001E34CC /* DropTableView.m in Sources */,
				462E688628B94B6F001F569F /* DropView.m in Sources */,
				46CAAA0B28B802430015008F /* WelcomeController.m in Sources */,
				46371F2C28BA4F5F008F6DFF /* FileItemView.m in Sources */,
				462E688A28BA28C8001F569F /* FilesViewController.m in Sources */,
				46CF0F4328BD11FF00298A84 /* ResultView.m in Sources */,
				46CAAA3928B807050015008F /* UploadViewController.m in Sources */,
				46B9E8D22B6E8D1700BFD528 /* DockProgress.m in Sources */,
				4634032228BE740600C759DB /* SettingsStackView.m in Sources */,
				46CAAA1228B802440015008F /* main.m in Sources */,
				46CAAA0828B802430015008F /* AppDelegate.m in Sources */,
				4618301628BA7D4600BFB7E8 /* File.m in Sources */,
			);
			runOnlyForDeploymentPostprocessing = 0;
		};
		46EAB05A28BE446D00BA82D5 /* Sources */ = {
			isa = PBXSourcesBuildPhase;
			buildActionMask = 2147483647;
			files = (
				4634032128BE73EB00C759DB /* ResultView.m in Sources */,
				4634032028BE70AE00C759DB /* SettingsStackView.m in Sources */,
				46EAB06428BE446D00BA82D5 /* ShareViewController.m in Sources */,
			);
			runOnlyForDeploymentPostprocessing = 0;
		};
		46EAB07728BE554800BA82D5 /* Sources */ = {
			isa = PBXSourcesBuildPhase;
			buildActionMask = 2147483647;
			files = (
				46EAB0A228BE58FC00BA82D5 /* Send.m in Sources */,
			);
			runOnlyForDeploymentPostprocessing = 0;
		};
/* End PBXSourcesBuildPhase section */

/* Begin PBXTargetDependency section */
		4634031A28BE5E5B00C759DB /* PBXTargetDependency */ = {
			isa = PBXTargetDependency;
			target = 46EAB07A28BE554800BA82D5 /* Send Library */;
			targetProxy = 4634031928BE5E5B00C759DB /* PBXContainerItemProxy */;
		};
		46EAB06B28BE446D00BA82D5 /* PBXTargetDependency */ = {
			isa = PBXTargetDependency;
			target = 46EAB05D28BE446D00BA82D5 /* Send Share */;
			targetProxy = 46EAB06A28BE446D00BA82D5 /* PBXContainerItemProxy */;
		};
		46EAB0A028BE589400BA82D5 /* PBXTargetDependency */ = {
			isa = PBXTargetDependency;
			target = 46EAB07A28BE554800BA82D5 /* Send Library */;
			targetProxy = 46EAB09F28BE589400BA82D5 /* PBXContainerItemProxy */;
		};
/* End PBXTargetDependency section */

/* Begin PBXVariantGroup section */
		4634033428BE805200C759DB /* Localizable.strings */ = {
			isa = PBXVariantGroup;
			children = (
				4634033328BE805200C759DB /* cs */,
			);
			name = Localizable.strings;
			sourceTree = "<group>";
		};
		46CAAA0E28B802440015008F /* Main.storyboard */ = {
			isa = PBXVariantGroup;
			children = (
				46CAAA0F28B802440015008F /* Base */,
				46CF0F4A28BE048F00298A84 /* cs */,
			);
			name = Main.storyboard;
			sourceTree = "<group>";
		};
		46D4CE1028BE0C2000CD26B5 /* Localizable.strings */ = {
			isa = PBXVariantGroup;
			children = (
				46D4CE0F28BE0C2000CD26B5 /* cs */,
			);
			name = Localizable.strings;
			sourceTree = "<group>";
		};
		46EAB06528BE446D00BA82D5 /* ShareViewController.xib */ = {
			isa = PBXVariantGroup;
			children = (
				46EAB06628BE446D00BA82D5 /* Base */,
				4634032D28BE7EA100C759DB /* cs */,
			);
			name = ShareViewController.xib;
			sourceTree = "<group>";
		};
/* End PBXVariantGroup section */

/* Begin XCBuildConfiguration section */
		46CAAA2A28B802440015008F /* Debug */ = {
			isa = XCBuildConfiguration;
			buildSettings = {
				ALWAYS_SEARCH_USER_PATHS = NO;
				CLANG_ANALYZER_LOCALIZABILITY_NONLOCALIZED = YES;
				CLANG_ANALYZER_NONNULL = YES;
				CLANG_ANALYZER_NUMBER_OBJECT_CONVERSION = YES_AGGRESSIVE;
				CLANG_CXX_LANGUAGE_STANDARD = "gnu++20";
				CLANG_ENABLE_MODULES = YES;
				CLANG_ENABLE_OBJC_ARC = YES;
				CLANG_ENABLE_OBJC_WEAK = YES;
				CLANG_WARN_BLOCK_CAPTURE_AUTORELEASING = YES;
				CLANG_WARN_BOOL_CONVERSION = YES;
				CLANG_WARN_COMMA = YES;
				CLANG_WARN_CONSTANT_CONVERSION = YES;
				CLANG_WARN_DEPRECATED_OBJC_IMPLEMENTATIONS = YES;
				CLANG_WARN_DIRECT_OBJC_ISA_USAGE = YES_ERROR;
				CLANG_WARN_DOCUMENTATION_COMMENTS = YES;
				CLANG_WARN_EMPTY_BODY = YES;
				CLANG_WARN_ENUM_CONVERSION = YES;
				CLANG_WARN_INFINITE_RECURSION = YES;
				CLANG_WARN_INT_CONVERSION = YES;
				CLANG_WARN_NON_LITERAL_NULL_CONVERSION = YES;
				CLANG_WARN_OBJC_IMPLICIT_RETAIN_SELF = YES;
				CLANG_WARN_OBJC_LITERAL_CONVERSION = YES;
				CLANG_WARN_OBJC_ROOT_CLASS = YES_ERROR;
				CLANG_WARN_QUOTED_INCLUDE_IN_FRAMEWORK_HEADER = YES;
				CLANG_WARN_RANGE_LOOP_ANALYSIS = YES;
				CLANG_WARN_STRICT_PROTOTYPES = YES;
				CLANG_WARN_SUSPICIOUS_MOVE = YES;
				CLANG_WARN_UNGUARDED_AVAILABILITY = YES_AGGRESSIVE;
				CLANG_WARN_UNREACHABLE_CODE = YES;
				CLANG_WARN__DUPLICATE_METHOD_MATCH = YES;
				COPY_PHASE_STRIP = NO;
				DEAD_CODE_STRIPPING = YES;
				DEBUG_INFORMATION_FORMAT = dwarf;
				ENABLE_STRICT_OBJC_MSGSEND = YES;
				ENABLE_TESTABILITY = YES;
				GCC_C_LANGUAGE_STANDARD = gnu11;
				GCC_DYNAMIC_NO_PIC = NO;
				GCC_NO_COMMON_BLOCKS = YES;
				GCC_OPTIMIZATION_LEVEL = 0;
				GCC_PREPROCESSOR_DEFINITIONS = (
					"DEBUG=1",
					"$(inherited)",
				);
				GCC_WARN_64_TO_32_BIT_CONVERSION = YES;
				GCC_WARN_ABOUT_RETURN_TYPE = YES_ERROR;
				GCC_WARN_UNDECLARED_SELECTOR = YES;
				GCC_WARN_UNINITIALIZED_AUTOS = YES_AGGRESSIVE;
				GCC_WARN_UNUSED_FUNCTION = YES;
				GCC_WARN_UNUSED_VARIABLE = YES;
				MACOSX_DEPLOYMENT_TARGET = 10.13;
				MTL_ENABLE_DEBUG_INFO = INCLUDE_SOURCE;
				MTL_FAST_MATH = YES;
				ONLY_ACTIVE_ARCH = YES;
				SDKROOT = macosx;
			};
			name = Debug;
		};
		46CAAA2B28B802440015008F /* Release */ = {
			isa = XCBuildConfiguration;
			buildSettings = {
				ALWAYS_SEARCH_USER_PATHS = NO;
				CLANG_ANALYZER_LOCALIZABILITY_NONLOCALIZED = YES;
				CLANG_ANALYZER_NONNULL = YES;
				CLANG_ANALYZER_NUMBER_OBJECT_CONVERSION = YES_AGGRESSIVE;
				CLANG_CXX_LANGUAGE_STANDARD = "gnu++20";
				CLANG_ENABLE_MODULES = YES;
				CLANG_ENABLE_OBJC_ARC = YES;
				CLANG_ENABLE_OBJC_WEAK = YES;
				CLANG_WARN_BLOCK_CAPTURE_AUTORELEASING = YES;
				CLANG_WARN_BOOL_CONVERSION = YES;
				CLANG_WARN_COMMA = YES;
				CLANG_WARN_CONSTANT_CONVERSION = YES;
				CLANG_WARN_DEPRECATED_OBJC_IMPLEMENTATIONS = YES;
				CLANG_WARN_DIRECT_OBJC_ISA_USAGE = YES_ERROR;
				CLANG_WARN_DOCUMENTATION_COMMENTS = YES;
				CLANG_WARN_EMPTY_BODY = YES;
				CLANG_WARN_ENUM_CONVERSION = YES;
				CLANG_WARN_INFINITE_RECURSION = YES;
				CLANG_WARN_INT_CONVERSION = YES;
				CLANG_WARN_NON_LITERAL_NULL_CONVERSION = YES;
				CLANG_WARN_OBJC_IMPLICIT_RETAIN_SELF = YES;
				CLANG_WARN_OBJC_LITERAL_CONVERSION = YES;
				CLANG_WARN_OBJC_ROOT_CLASS = YES_ERROR;
				CLANG_WARN_QUOTED_INCLUDE_IN_FRAMEWORK_HEADER = YES;
				CLANG_WARN_RANGE_LOOP_ANALYSIS = YES;
				CLANG_WARN_STRICT_PROTOTYPES = YES;
				CLANG_WARN_SUSPICIOUS_MOVE = YES;
				CLANG_WARN_UNGUARDED_AVAILABILITY = YES_AGGRESSIVE;
				CLANG_WARN_UNREACHABLE_CODE = YES;
				CLANG_WARN__DUPLICATE_METHOD_MATCH = YES;
				COPY_PHASE_STRIP = NO;
				DEAD_CODE_STRIPPING = YES;
				DEBUG_INFORMATION_FORMAT = "dwarf-with-dsym";
				ENABLE_NS_ASSERTIONS = NO;
				ENABLE_STRICT_OBJC_MSGSEND = YES;
				GCC_C_LANGUAGE_STANDARD = gnu11;
				GCC_NO_COMMON_BLOCKS = YES;
				GCC_WARN_64_TO_32_BIT_CONVERSION = YES;
				GCC_WARN_ABOUT_RETURN_TYPE = YES_ERROR;
				GCC_WARN_UNDECLARED_SELECTOR = YES;
				GCC_WARN_UNINITIALIZED_AUTOS = YES_AGGRESSIVE;
				GCC_WARN_UNUSED_FUNCTION = YES;
				GCC_WARN_UNUSED_VARIABLE = YES;
				MACOSX_DEPLOYMENT_TARGET = 10.13;
				MTL_ENABLE_DEBUG_INFO = NO;
				MTL_FAST_MATH = YES;
				SDKROOT = macosx;
			};
			name = Release;
		};
		46CAAA2D28B802440015008F /* Debug */ = {
			isa = XCBuildConfiguration;
			buildSettings = {
				ASSETCATALOG_COMPILER_APPICON_NAME = AppIcon;
				ASSETCATALOG_COMPILER_GLOBAL_ACCENT_COLOR_NAME = AccentColor;
				CODE_SIGN_ENTITLEMENTS = Send/Send.entitlements;
				CODE_SIGN_IDENTITY = "-";
				"CODE_SIGN_IDENTITY[sdk=macosx*]" = "Apple Development";
				CODE_SIGN_STYLE = Manual;
				COMBINE_HIDPI_IMAGES = YES;
				CURRENT_PROJECT_VERSION = 108;
				DEAD_CODE_STRIPPING = YES;
				DEVELOPMENT_TEAM = "";
				"DEVELOPMENT_TEAM[sdk=macosx*]" = KSR6A94B7P;
				ENABLE_HARDENED_RUNTIME = YES;
				GENERATE_INFOPLIST_FILE = YES;
				HEADER_SEARCH_PATHS = "";
				INFOPLIST_FILE = Send/Info.plist;
				INFOPLIST_KEY_CFBundleDisplayName = Send;
				INFOPLIST_KEY_LSApplicationCategoryType = "public.app-category.utilities";
				INFOPLIST_KEY_NSHumanReadableCopyright = "Copyright © 2022 Vojtěch Jungmann";
				INFOPLIST_KEY_NSMainStoryboardFile = Main;
				INFOPLIST_KEY_NSPrincipalClass = NSApplication;
				LD_RUNPATH_SEARCH_PATHS = (
					"$(inherited)",
					"@executable_path/../Frameworks",
				);
				MACOSX_DEPLOYMENT_TARGET = 10.13;
				MARKETING_VERSION = 1.10.2;
				PRODUCT_BUNDLE_IDENTIFIER = com.github.EETagent.Send;
				PRODUCT_NAME = "$(TARGET_NAME)";
				PROVISIONING_PROFILE_SPECIFIER = "";
				SWIFT_EMIT_LOC_STRINGS = YES;
				USER_HEADER_SEARCH_PATHS = "";
			};
			name = Debug;
		};
		46CAAA2E28B802440015008F /* Release */ = {
			isa = XCBuildConfiguration;
			buildSettings = {
				ASSETCATALOG_COMPILER_APPICON_NAME = AppIcon;
				ASSETCATALOG_COMPILER_GLOBAL_ACCENT_COLOR_NAME = AccentColor;
				CODE_SIGN_ENTITLEMENTS = Send/Send.entitlements;
				CODE_SIGN_IDENTITY = "-";
				"CODE_SIGN_IDENTITY[sdk=macosx*]" = "Apple Development";
				CODE_SIGN_STYLE = Manual;
				COMBINE_HIDPI_IMAGES = YES;
				CURRENT_PROJECT_VERSION = 108;
				DEAD_CODE_STRIPPING = YES;
				DEVELOPMENT_TEAM = "";
				"DEVELOPMENT_TEAM[sdk=macosx*]" = KSR6A94B7P;
				ENABLE_HARDENED_RUNTIME = YES;
				GENERATE_INFOPLIST_FILE = YES;
				HEADER_SEARCH_PATHS = "";
				INFOPLIST_FILE = Send/Info.plist;
				INFOPLIST_KEY_CFBundleDisplayName = Send;
				INFOPLIST_KEY_LSApplicationCategoryType = "public.app-category.utilities";
				INFOPLIST_KEY_NSHumanReadableCopyright = "Copyright © 2022 Vojtěch Jungmann";
				INFOPLIST_KEY_NSMainStoryboardFile = Main;
				INFOPLIST_KEY_NSPrincipalClass = NSApplication;
				LD_RUNPATH_SEARCH_PATHS = (
					"$(inherited)",
					"@executable_path/../Frameworks",
				);
				MACOSX_DEPLOYMENT_TARGET = 10.13;
				MARKETING_VERSION = 1.10.2;
				PRODUCT_BUNDLE_IDENTIFIER = com.github.EETagent.Send;
				PRODUCT_NAME = "$(TARGET_NAME)";
				PROVISIONING_PROFILE_SPECIFIER = "";
				SWIFT_EMIT_LOC_STRINGS = YES;
				USER_HEADER_SEARCH_PATHS = "";
			};
			name = Release;
		};
		46EAB06E28BE446D00BA82D5 /* Debug */ = {
			isa = XCBuildConfiguration;
			buildSettings = {
				CODE_SIGN_ENTITLEMENTS = "Send Share/Send_Share.entitlements";
				CODE_SIGN_IDENTITY = "-";
				"CODE_SIGN_IDENTITY[sdk=macosx*]" = "Apple Development";
				CODE_SIGN_STYLE = Manual;
				COMBINE_HIDPI_IMAGES = YES;
				CURRENT_PROJECT_VERSION = 108;
				DEAD_CODE_STRIPPING = YES;
				DEVELOPMENT_TEAM = "";
				"DEVELOPMENT_TEAM[sdk=macosx*]" = KSR6A94B7P;
				ENABLE_HARDENED_RUNTIME = YES;
				GENERATE_INFOPLIST_FILE = YES;
				INFOPLIST_FILE = "Send Share/Info.plist";
				INFOPLIST_KEY_CFBundleDisplayName = "Send Share";
				INFOPLIST_KEY_NSHumanReadableCopyright = "";
				LD_RUNPATH_SEARCH_PATHS = (
					"$(inherited)",
					"@executable_path/../Frameworks",
					"@executable_path/../../../../Frameworks",
				);
				MACOSX_DEPLOYMENT_TARGET = 10.13;
				MARKETING_VERSION = 1.10.2;
				PRODUCT_BUNDLE_IDENTIFIER = "com.github.EETagent.Send.Send-Share";
				PRODUCT_NAME = "$(TARGET_NAME)";
				PROVISIONING_PROFILE_SPECIFIER = "";
				SKIP_INSTALL = YES;
				SWIFT_EMIT_LOC_STRINGS = YES;
			};
			name = Debug;
		};
		46EAB06F28BE446D00BA82D5 /* Release */ = {
			isa = XCBuildConfiguration;
			buildSettings = {
				CODE_SIGN_ENTITLEMENTS = "Send Share/Send_Share.entitlements";
				CODE_SIGN_IDENTITY = "-";
				"CODE_SIGN_IDENTITY[sdk=macosx*]" = "Apple Development";
				CODE_SIGN_STYLE = Manual;
				COMBINE_HIDPI_IMAGES = YES;
				CURRENT_PROJECT_VERSION = 108;
				DEAD_CODE_STRIPPING = YES;
				DEVELOPMENT_TEAM = "";
				"DEVELOPMENT_TEAM[sdk=macosx*]" = KSR6A94B7P;
				ENABLE_HARDENED_RUNTIME = YES;
				GENERATE_INFOPLIST_FILE = YES;
				INFOPLIST_FILE = "Send Share/Info.plist";
				INFOPLIST_KEY_CFBundleDisplayName = "Send Share";
				INFOPLIST_KEY_NSHumanReadableCopyright = "";
				LD_RUNPATH_SEARCH_PATHS = (
					"$(inherited)",
					"@executable_path/../Frameworks",
					"@executable_path/../../../../Frameworks",
				);
				MACOSX_DEPLOYMENT_TARGET = 10.13;
				MARKETING_VERSION = 1.10.2;
				PRODUCT_BUNDLE_IDENTIFIER = "com.github.EETagent.Send.Send-Share";
				PRODUCT_NAME = "$(TARGET_NAME)";
				PROVISIONING_PROFILE_SPECIFIER = "";
				SKIP_INSTALL = YES;
				SWIFT_EMIT_LOC_STRINGS = YES;
			};
			name = Release;
		};
		46EAB08428BE554800BA82D5 /* Debug */ = {
			isa = XCBuildConfiguration;
			buildSettings = {
				CODE_SIGN_IDENTITY = "Apple Development";
				CODE_SIGN_STYLE = Manual;
				COMBINE_HIDPI_IMAGES = YES;
				CURRENT_PROJECT_VERSION = 1;
				DEAD_CODE_STRIPPING = YES;
				DEFINES_MODULE = YES;
				DEVELOPMENT_TEAM = "";
				"DEVELOPMENT_TEAM[sdk=macosx*]" = KSR6A94B7P;
				DYLIB_COMPATIBILITY_VERSION = 1;
				DYLIB_CURRENT_VERSION = 1;
				DYLIB_INSTALL_NAME_BASE = "@rpath";
				GENERATE_INFOPLIST_FILE = YES;
				INFOPLIST_KEY_NSHumanReadableCopyright = "";
				INSTALL_PATH = "$(LOCAL_LIBRARY_DIR)/Frameworks";
				LD_RUNPATH_SEARCH_PATHS = (
					"$(inherited)",
					"@executable_path/../Frameworks",
					"@loader_path/Frameworks",
				);
				MACOSX_DEPLOYMENT_TARGET = 10.13;
				MARKETING_VERSION = 1.0;
				PRODUCT_BUNDLE_IDENTIFIER = com.github.EETagent.libffsendObjc;
				PRODUCT_NAME = "$(TARGET_NAME:c99extidentifier)";
				PROVISIONING_PROFILE_SPECIFIER = "";
				SKIP_INSTALL = YES;
				SWIFT_EMIT_LOC_STRINGS = YES;
				VERSIONING_SYSTEM = "apple-generic";
				VERSION_INFO_PREFIX = "";
			};
			name = Debug;
		};
		46EAB08528BE554800BA82D5 /* Release */ = {
			isa = XCBuildConfiguration;
			buildSettings = {
				CODE_SIGN_IDENTITY = "Apple Development";
				CODE_SIGN_STYLE = Manual;
				COMBINE_HIDPI_IMAGES = YES;
				CURRENT_PROJECT_VERSION = 1;
				DEAD_CODE_STRIPPING = YES;
				DEFINES_MODULE = YES;
				DEVELOPMENT_TEAM = "";
				"DEVELOPMENT_TEAM[sdk=macosx*]" = KSR6A94B7P;
				DYLIB_COMPATIBILITY_VERSION = 1;
				DYLIB_CURRENT_VERSION = 1;
				DYLIB_INSTALL_NAME_BASE = "@rpath";
				GENERATE_INFOPLIST_FILE = YES;
				INFOPLIST_KEY_NSHumanReadableCopyright = "";
				INSTALL_PATH = "$(LOCAL_LIBRARY_DIR)/Frameworks";
				LD_RUNPATH_SEARCH_PATHS = (
					"$(inherited)",
					"@executable_path/../Frameworks",
					"@loader_path/Frameworks",
				);
				MACOSX_DEPLOYMENT_TARGET = 10.13;
				MARKETING_VERSION = 1.0;
				PRODUCT_BUNDLE_IDENTIFIER = com.github.EETagent.libffsendObjc;
				PRODUCT_NAME = "$(TARGET_NAME:c99extidentifier)";
				PROVISIONING_PROFILE_SPECIFIER = "";
				SKIP_INSTALL = YES;
				SWIFT_EMIT_LOC_STRINGS = YES;
				VERSIONING_SYSTEM = "apple-generic";
				VERSION_INFO_PREFIX = "";
			};
			name = Release;
		};
/* End XCBuildConfiguration section */

/* Begin XCConfigurationList section */
		46CAA9FE28B802430015008F /* Build configuration list for PBXProject "Send" */ = {
			isa = XCConfigurationList;
			buildConfigurations = (
				46CAAA2A28B802440015008F /* Debug */,
				46CAAA2B28B802440015008F /* Release */,
			);
			defaultConfigurationIsVisible = 0;
			defaultConfigurationName = Release;
		};
		46CAAA2C28B802440015008F /* Build configuration list for PBXNativeTarget "Send" */ = {
			isa = XCConfigurationList;
			buildConfigurations = (
				46CAAA2D28B802440015008F /* Debug */,
				46CAAA2E28B802440015008F /* Release */,
			);
			defaultConfigurationIsVisible = 0;
			defaultConfigurationName = Release;
		};
		46EAB06D28BE446D00BA82D5 /* Build configuration list for PBXNativeTarget "Send Share" */ = {
			isa = XCConfigurationList;
			buildConfigurations = (
				46EAB06E28BE446D00BA82D5 /* Debug */,
				46EAB06F28BE446D00BA82D5 /* Release */,
			);
			defaultConfigurationIsVisible = 0;
			defaultConfigurationName = Release;
		};
		46EAB08328BE554800BA82D5 /* Build configuration list for PBXNativeTarget "Send Library" */ = {
			isa = XCConfigurationList;
			buildConfigurations = (
				46EAB08428BE554800BA82D5 /* Debug */,
				46EAB08528BE554800BA82D5 /* Release */,
			);
			defaultConfigurationIsVisible = 0;
			defaultConfigurationName = Release;
		};
/* End XCConfigurationList section */

/* Begin XCRemoteSwiftPackageReference section */
		46BC690128F1D31200E3D268 /* XCRemoteSwiftPackageReference "Sparkle" */ = {
			isa = XCRemoteSwiftPackageReference;
			repositoryURL = "https://github.com/sparkle-project/Sparkle";
			requirement = {
				kind = upToNextMajorVersion;
				minimumVersion = 2.0.0;
			};
		};
/* End XCRemoteSwiftPackageReference section */

/* Begin XCSwiftPackageProductDependency section */
		46BC690228F1D31200E3D268 /* Sparkle */ = {
			isa = XCSwiftPackageProductDependency;
			package = 46BC690128F1D31200E3D268 /* XCRemoteSwiftPackageReference "Sparkle" */;
			productName = Sparkle;
		};
/* End XCSwiftPackageProductDependency section */
	};
	rootObject = 46CAA9FB28B802430015008F /* Project object */;
}
