// !$*UTF8*$!
{
	archiveVersion = 1;
	classes = {
	};
	objectVersion = 54;
	objects = {

/* Begin PBXBuildFile section */
		CA6011BC7CB817691337FC0B /* Cargo.toml in Sources */ = {isa = PBXBuildFile; fileRef = CA602EE07C513EF4668187A5 /* Cargo.toml */; settings = {COMPILER_FLAGS = "--lib"; }; };
/* End PBXBuildFile section */

/* Begin PBXBuildRule section */
		CA602EE07C51AC6C1400ACA8 /* PBXBuildRule */ = {
			isa = PBXBuildRule;
			compilerSpec = com.apple.compilers.proxy.script;
			dependencyFile = "$(DERIVED_FILE_DIR)/$(CARGO_XCODE_TARGET_ARCH)-$(EXECUTABLE_NAME).d";
			filePatterns = "*/Cargo.toml";
			fileType = pattern.proxy;
			inputFiles = (
			);
			isEditable = 0;
			name = "Cargo project build";
			outputFiles = (
				"$(OBJECT_FILE_DIR)/$(CARGO_XCODE_TARGET_ARCH)-$(EXECUTABLE_NAME)",
			);
			script = "# generated with cargo-xcode 1.4.3\n\nset -eu; export PATH=$PATH:~/.cargo/bin:/usr/local/bin;\nif [ \"${IS_MACCATALYST-NO}\" = YES ]; then\n    CARGO_XCODE_TARGET_TRIPLE=\"${CARGO_XCODE_TARGET_ARCH}-apple-ios-macabi\"\nelse\n    CARGO_XCODE_TARGET_TRIPLE=\"${CARGO_XCODE_TARGET_ARCH}-apple-${CARGO_XCODE_TARGET_OS}\"\nfi\nif [ \"$CARGO_XCODE_TARGET_OS\" != \"darwin\" ]; then\n    PATH=\"${PATH/\\/Contents\\/Developer\\/Toolchains\\/XcodeDefault.xctoolchain\\/usr\\/bin:/xcode-provided-ld-cant-link-lSystem-for-the-host-build-script:}\"\nfi\nPATH=\"$PATH:/opt/homebrew/bin\" # Rust projects often depend on extra tools like nasm, which Xcode lacks\nif [ \"$CARGO_XCODE_BUILD_MODE\" == release ]; then\n    OTHER_INPUT_FILE_FLAGS=\"${OTHER_INPUT_FILE_FLAGS} --release\"\nfi\nif command -v rustup &> /dev/null; then\n    if ! rustup target list --installed | egrep -q \"${CARGO_XCODE_TARGET_TRIPLE}\"; then\n        echo \"warning: this build requires rustup toolchain for $CARGO_XCODE_TARGET_TRIPLE, but it isn't installed\"\n        rustup target add \"${CARGO_XCODE_TARGET_TRIPLE}\" || echo >&2 \"warning: can't install $CARGO_XCODE_TARGET_TRIPLE\"\n    fi\nfi\nif [ \"$ACTION\" = clean ]; then\n ( set -x; cargo clean --manifest-path=\"$SCRIPT_INPUT_FILE\" ${OTHER_INPUT_FILE_FLAGS} --target=\"${CARGO_XCODE_TARGET_TRIPLE}\"; );\nelse\n ( set -x; cargo build --manifest-path=\"$SCRIPT_INPUT_FILE\" --features=\"${CARGO_XCODE_FEATURES:-}\" ${OTHER_INPUT_FILE_FLAGS} --target=\"${CARGO_XCODE_TARGET_TRIPLE}\"; );\nfi\n# it's too hard to explain Cargo's actual exe path to Xcode build graph, so hardlink to a known-good path instead\nBUILT_SRC=\"${CARGO_TARGET_DIR}/${CARGO_XCODE_TARGET_TRIPLE}/${CARGO_XCODE_BUILD_MODE}/${CARGO_XCODE_CARGO_FILE_NAME}\"\nln -f -- \"$BUILT_SRC\" \"$SCRIPT_OUTPUT_FILE_0\"\n\n# xcode generates dep file, but for its own path, so append our rename to it\nDEP_FILE_SRC=\"${CARGO_TARGET_DIR}/${CARGO_XCODE_TARGET_TRIPLE}/${CARGO_XCODE_BUILD_MODE}/${CARGO_XCODE_CARGO_DEP_FILE_NAME}\"\nif [ -f \"$DEP_FILE_SRC\" ]; then\n    DEP_FILE_DST=\"${DERIVED_FILE_DIR}/${CARGO_XCODE_TARGET_ARCH}-${EXECUTABLE_NAME}.d\"\n    cp -f \"$DEP_FILE_SRC\" \"$DEP_FILE_DST\"\n    echo >> \"$DEP_FILE_DST\" \"$SCRIPT_OUTPUT_FILE_0: $BUILT_SRC\"\nfi\n\n# lipo script needs to know all the platform-specific files that have been built\n# archs is in the file name, so that paths don't stay around after archs change\n# must match input for LipoScript\nFILE_LIST=\"${DERIVED_FILE_DIR}/${ARCHS}-${EXECUTABLE_NAME}.xcfilelist\"\ntouch \"$FILE_LIST\"\nif ! egrep -q \"$SCRIPT_OUTPUT_FILE_0\" \"$FILE_LIST\" ; then\n    echo >> \"$FILE_LIST\" \"$SCRIPT_OUTPUT_FILE_0\"\nfi\n";
		};
/* End PBXBuildRule section */

/* Begin PBXFileReference section */
		46CAAA4728B81B6C0015008F /* lib.rs */ = {isa = PBXFileReference; fileEncoding = 4; lastKnownFileType = text; lineEnding = 0; path = lib.rs; sourceTree = "<group>"; };
		46CAAA4828B81B6C0015008F /* ffsend.h */ = {isa = PBXFileReference; fileEncoding = 4; lastKnownFileType = sourcecode.c.h; lineEnding = 0; path = ffsend.h; sourceTree = "<group>"; };
		CA602EE07C513EF4668187A5 /* Cargo.toml */ = {isa = PBXFileReference; fileEncoding = 4; lastKnownFileType = text; lineEnding = 0; path = Cargo.toml; sourceTree = "<group>"; };
		CA607EE972B195EB9635735F /* ffsend.dylib */ = {isa = PBXFileReference; explicitFileType = "compiled.mach-o.dylib"; includeInIndex = 0; path = ffsend.dylib; sourceTree = BUILT_PRODUCTS_DIR; };
/* End PBXFileReference section */

/* Begin PBXGroup section */
		46CAAA4628B81B6C0015008F /* src */ = {
			isa = PBXGroup;
			children = (
				46CAAA4728B81B6C0015008F /* lib.rs */,
				46CAAA4828B81B6C0015008F /* ffsend.h */,
			);
			path = src;
			sourceTree = "<group>";
		};
		CA602EE07C5122869D176AE5 /* Products */ = {
			isa = PBXGroup;
			children = (
				CA607EE972B195EB9635735F /* ffsend.dylib */,
			);
			name = Products;
			sourceTree = "<group>";
		};
		CA602EE07C5198AF0B5890DB /* Frameworks */ = {
			isa = PBXGroup;
			children = (
			);
			name = Frameworks;
			sourceTree = "<group>";
		};
		CA602EE07C51D65BC3C892A8 = {
			isa = PBXGroup;
			children = (
				46CAAA4628B81B6C0015008F /* src */,
				CA602EE07C513EF4668187A5 /* Cargo.toml */,
				CA602EE07C5122869D176AE5 /* Products */,
				CA602EE07C5198AF0B5890DB /* Frameworks */,
			);
			sourceTree = "<group>";
		};
/* End PBXGroup section */

/* Begin PBXNativeTarget section */
		CA607EE972B117691337FC0B /* ffsend-cdylib */ = {
			isa = PBXNativeTarget;
			buildConfigurationList = CA60C74E691217691337FC0B /* Build configuration list for PBXNativeTarget "ffsend-cdylib" */;
			buildPhases = (
				CA603290C40F17691337FC0B /* Sources */,
				CA602EE07C51AF6EBB7F357C /* Universal Binary lipo */,
				462F7ECD28C2532B007F6340 /* Fix (hack) @executable_path for Send Library framework */,
			);
			buildRules = (
				CA602EE07C51AC6C1400ACA8 /* PBXBuildRule */,
			);
			dependencies = (
			);
			name = "ffsend-cdylib";
			productName = ffsend.dylib;
			productReference = CA607EE972B195EB9635735F /* ffsend.dylib */;
			productType = "com.apple.product-type.library.dynamic";
		};
/* End PBXNativeTarget section */

/* Begin PBXProject section */
		CA602EE07C51E04653AD465F /* Project object */ = {
			isa = PBXProject;
			attributes = {
				LastUpgradeCheck = 1410;
				TargetAttributes = {
					CA607EE972B117691337FC0B = {
						CreatedOnToolsVersion = 9.2;
						ProvisioningStyle = Automatic;
					};
				};
			};
			buildConfigurationList = CA602EE07C5180E02D6C7F57 /* Build configuration list for PBXProject "libffsend" */;
			compatibilityVersion = "Xcode 12.0";
			developmentRegion = en;
			hasScannedForEncodings = 0;
			knownRegions = (
				en,
				Base,
			);
			mainGroup = CA602EE07C51D65BC3C892A8;
			productRefGroup = CA602EE07C5122869D176AE5 /* Products */;
			projectDirPath = "";
			projectRoot = "";
			targets = (
				CA607EE972B117691337FC0B /* ffsend-cdylib */,
			);
		};
/* End PBXProject section */

/* Begin PBXShellScriptBuildPhase section */
		462F7ECD28C2532B007F6340 /* Fix (hack) @executable_path for Send Library framework */ = {
			isa = PBXShellScriptBuildPhase;
			alwaysOutOfDate = 1;
			buildActionMask = 2147483647;
			files = (
			);
			inputFileListPaths = (
			);
			inputPaths = (
			);
			name = "Fix (hack) @executable_path for Send Library framework";
			outputFileListPaths = (
			);
			outputPaths = (
			);
			runOnlyForDeploymentPostprocessing = 0;
			shellPath = /bin/sh;
			shellScript = "install_name_tool -id @executable_path/../Frameworks/Send_Library.framework/Versions/A/Frameworks/$EXECUTABLE_PATH \"$TARGET_BUILD_DIR/$EXECUTABLE_PATH\"\n";
		};
		CA602EE07C51AF6EBB7F357C /* Universal Binary lipo */ = {
			isa = PBXShellScriptBuildPhase;
			buildActionMask = 2147483647;
			files = (
			);
			inputFileListPaths = (
			);
			inputPaths = (
				"$(DERIVED_FILE_DIR)/$(ARCHS)-$(EXECUTABLE_NAME).xcfilelist",
			);
			name = "Universal Binary lipo";
			outputFileListPaths = (
			);
			outputPaths = (
				"$(TARGET_BUILD_DIR)/$(EXECUTABLE_PATH)",
			);
			runOnlyForDeploymentPostprocessing = 0;
			shellPath = /bin/sh;
			shellScript = "# generated with cargo-xcode 1.4.3\nset -eux; cat \"$DERIVED_FILE_DIR/$ARCHS-$EXECUTABLE_NAME.xcfilelist\" | tr '\\n' '\\0' | xargs -0 lipo -create -output \"$TARGET_BUILD_DIR/$EXECUTABLE_PATH\"\n";
		};
/* End PBXShellScriptBuildPhase section */

/* Begin PBXSourcesBuildPhase section */
		CA603290C40F17691337FC0B /* Sources */ = {
			isa = PBXSourcesBuildPhase;
			buildActionMask = 2147483647;
			files = (
				CA6011BC7CB817691337FC0B /* Cargo.toml in Sources */,
			);
			runOnlyForDeploymentPostprocessing = 0;
		};
/* End PBXSourcesBuildPhase section */

/* Begin XCBuildConfiguration section */
		CA6060C845F7228BE02872F8 /* Debug */ = {
			isa = XCBuildConfiguration;
			buildSettings = {
				ALWAYS_SEARCH_USER_PATHS = NO;
				CARGO_TARGET_DIR = "$(PROJECT_TEMP_DIR)/cargo_target";
				CARGO_XCODE_BUILD_MODE = debug;
				CARGO_XCODE_FEATURES = "";
				"CARGO_XCODE_TARGET_ARCH[arch=arm64*]" = aarch64;
				"CARGO_XCODE_TARGET_ARCH[arch=i386]" = i686;
				"CARGO_XCODE_TARGET_ARCH[arch=x86_64*]" = x86_64;
				"CARGO_XCODE_TARGET_OS[sdk=appletvos*]" = tvos;
				"CARGO_XCODE_TARGET_OS[sdk=appletvsimulator*]" = tvos;
				"CARGO_XCODE_TARGET_OS[sdk=iphoneos*]" = ios;
				"CARGO_XCODE_TARGET_OS[sdk=iphonesimulator*]" = "ios-sim";
				"CARGO_XCODE_TARGET_OS[sdk=iphonesimulator*][arch=x86_64*]" = ios;
				"CARGO_XCODE_TARGET_OS[sdk=macosx*]" = darwin;
				CLANG_WARN_BLOCK_CAPTURE_AUTORELEASING = YES;
				CLANG_WARN_BOOL_CONVERSION = YES;
				CLANG_WARN_COMMA = YES;
				CLANG_WARN_CONSTANT_CONVERSION = YES;
				CLANG_WARN_DEPRECATED_OBJC_IMPLEMENTATIONS = YES;
				CLANG_WARN_EMPTY_BODY = YES;
				CLANG_WARN_ENUM_CONVERSION = YES;
				CLANG_WARN_INFINITE_RECURSION = YES;
				CLANG_WARN_INT_CONVERSION = YES;
				CLANG_WARN_NON_LITERAL_NULL_CONVERSION = YES;
				CLANG_WARN_OBJC_IMPLICIT_RETAIN_SELF = YES;
				CLANG_WARN_OBJC_LITERAL_CONVERSION = YES;
				CLANG_WARN_QUOTED_INCLUDE_IN_FRAMEWORK_HEADER = YES;
				CLANG_WARN_RANGE_LOOP_ANALYSIS = YES;
				CLANG_WARN_STRICT_PROTOTYPES = YES;
				CLANG_WARN_SUSPICIOUS_MOVE = YES;
				CLANG_WARN_UNREACHABLE_CODE = YES;
				CLANG_WARN__DUPLICATE_METHOD_MATCH = YES;
				CODE_SIGN_STYLE = Manual;
				DEAD_CODE_STRIPPING = YES;
				DEVELOPMENT_TEAM = CNYLT3CP76;
				ENABLE_STRICT_OBJC_MSGSEND = YES;
				ENABLE_TESTABILITY = YES;
				GCC_NO_COMMON_BLOCKS = YES;
				GCC_WARN_64_TO_32_BIT_CONVERSION = YES;
				GCC_WARN_ABOUT_RETURN_TYPE = YES;
				GCC_WARN_UNDECLARED_SELECTOR = YES;
				GCC_WARN_UNINITIALIZED_AUTOS = YES;
				GCC_WARN_UNUSED_FUNCTION = YES;
				GCC_WARN_UNUSED_VARIABLE = YES;
				MACOSX_DEPLOYMENT_TARGET = 10.13;
				ONLY_ACTIVE_ARCH = YES;
				PRODUCT_NAME = libffsend;
				SDKROOT = macosx;
				SUPPORTS_MACCATALYST = YES;
			};
			name = Debug;
		};
		CA6060C845F73CC16B37690B /* Release */ = {
			isa = XCBuildConfiguration;
			buildSettings = {
				ALWAYS_SEARCH_USER_PATHS = NO;
				CARGO_TARGET_DIR = "$(PROJECT_TEMP_DIR)/cargo_target";
				CARGO_XCODE_BUILD_MODE = release;
				CARGO_XCODE_FEATURES = "";
				"CARGO_XCODE_TARGET_ARCH[arch=arm64*]" = aarch64;
				"CARGO_XCODE_TARGET_ARCH[arch=i386]" = i686;
				"CARGO_XCODE_TARGET_ARCH[arch=x86_64*]" = x86_64;
				"CARGO_XCODE_TARGET_OS[sdk=appletvos*]" = tvos;
				"CARGO_XCODE_TARGET_OS[sdk=appletvsimulator*]" = tvos;
				"CARGO_XCODE_TARGET_OS[sdk=iphoneos*]" = ios;
				"CARGO_XCODE_TARGET_OS[sdk=iphonesimulator*]" = "ios-sim";
				"CARGO_XCODE_TARGET_OS[sdk=iphonesimulator*][arch=x86_64*]" = ios;
				"CARGO_XCODE_TARGET_OS[sdk=macosx*]" = darwin;
				CLANG_WARN_BLOCK_CAPTURE_AUTORELEASING = YES;
				CLANG_WARN_BOOL_CONVERSION = YES;
				CLANG_WARN_COMMA = YES;
				CLANG_WARN_CONSTANT_CONVERSION = YES;
				CLANG_WARN_DEPRECATED_OBJC_IMPLEMENTATIONS = YES;
				CLANG_WARN_EMPTY_BODY = YES;
				CLANG_WARN_ENUM_CONVERSION = YES;
				CLANG_WARN_INFINITE_RECURSION = YES;
				CLANG_WARN_INT_CONVERSION = YES;
				CLANG_WARN_NON_LITERAL_NULL_CONVERSION = YES;
				CLANG_WARN_OBJC_IMPLICIT_RETAIN_SELF = YES;
				CLANG_WARN_OBJC_LITERAL_CONVERSION = YES;
				CLANG_WARN_QUOTED_INCLUDE_IN_FRAMEWORK_HEADER = YES;
				CLANG_WARN_RANGE_LOOP_ANALYSIS = YES;
				CLANG_WARN_STRICT_PROTOTYPES = YES;
				CLANG_WARN_SUSPICIOUS_MOVE = YES;
				CLANG_WARN_UNREACHABLE_CODE = YES;
				CLANG_WARN__DUPLICATE_METHOD_MATCH = YES;
				CODE_SIGN_STYLE = Manual;
				DEAD_CODE_STRIPPING = YES;
				DEVELOPMENT_TEAM = CNYLT3CP76;
				ENABLE_STRICT_OBJC_MSGSEND = YES;
				GCC_NO_COMMON_BLOCKS = YES;
				GCC_WARN_64_TO_32_BIT_CONVERSION = YES;
				GCC_WARN_ABOUT_RETURN_TYPE = YES;
				GCC_WARN_UNDECLARED_SELECTOR = YES;
				GCC_WARN_UNINITIALIZED_AUTOS = YES;
				GCC_WARN_UNUSED_FUNCTION = YES;
				GCC_WARN_UNUSED_VARIABLE = YES;
				MACOSX_DEPLOYMENT_TARGET = 10.13;
				PRODUCT_NAME = libffsend;
				SDKROOT = macosx;
				SUPPORTS_MACCATALYST = YES;
			};
			name = Release;
		};
		CA6086685DD717691337FC0B /* Release */ = {
			isa = XCBuildConfiguration;
			buildSettings = {
				CARGO_XCODE_CARGO_DEP_FILE_NAME = libffsend.d;
				CARGO_XCODE_CARGO_FILE_NAME = libffsend.dylib;
				CLANG_ENABLE_OBJC_WEAK = YES;
				DEAD_CODE_STRIPPING = YES;
				INSTALL_PATH = "";
				MACOSX_DEPLOYMENT_TARGET = 10.13;
				PRODUCT_NAME = ffsend;
				SUPPORTED_PLATFORMS = macosx;
			};
			name = Release;
		};
		CA60D39DEACC17691337FC0B /* Debug */ = {
			isa = XCBuildConfiguration;
			buildSettings = {
				CARGO_XCODE_CARGO_DEP_FILE_NAME = libffsend.d;
				CARGO_XCODE_CARGO_FILE_NAME = libffsend.dylib;
				CLANG_ENABLE_OBJC_WEAK = YES;
				DEAD_CODE_STRIPPING = YES;
				INSTALL_PATH = "";
				MACOSX_DEPLOYMENT_TARGET = 10.13;
				PRODUCT_NAME = ffsend;
				SUPPORTED_PLATFORMS = macosx;
			};
			name = Debug;
		};
/* End XCBuildConfiguration section */

/* Begin XCConfigurationList section */
		CA602EE07C5180E02D6C7F57 /* Build configuration list for PBXProject "libffsend" */ = {
			isa = XCConfigurationList;
			buildConfigurations = (
				CA6060C845F73CC16B37690B /* Release */,
				CA6060C845F7228BE02872F8 /* Debug */,
			);
			defaultConfigurationIsVisible = 0;
			defaultConfigurationName = Release;
		};
		CA60C74E691217691337FC0B /* Build configuration list for PBXNativeTarget "ffsend-cdylib" */ = {
			isa = XCConfigurationList;
			buildConfigurations = (
				CA6086685DD717691337FC0B /* Release */,
				CA60D39DEACC17691337FC0B /* Debug */,
			);
			defaultConfigurationIsVisible = 0;
			defaultConfigurationName = Release;
		};
/* End XCConfigurationList section */
	};
	rootObject = CA602EE07C51E04653AD465F /* Project object */;
}
