// !$*UTF8*$!
{
	archiveVersion = 1;
	classes = {
	};
	objectVersion = 53;
	objects = {

/* Begin PBXBuildFile section */
		CA0082A659ED4438225C74D1 /* Cargo.toml in Sources */ = {isa = PBXBuildFile; fileRef = CAF9E9FA2DA23EF4668187A5 /* Cargo.toml */; settings = {COMPILER_FLAGS = "--lib"; }; };
/* End PBXBuildFile section */

/* Begin PBXBuildRule section */
		CAF4E9FA2DA2AC6C1400ACA8 /* PBXBuildRule */ = {
			isa = PBXBuildRule;
			compilerSpec = com.apple.compilers.proxy.script;
			dependencyFile = "$(DERIVED_FILE_DIR)/$(ARCHS)-$(EXECUTABLE_NAME).d";
			filePatterns = "*/Cargo.toml";
			fileType = pattern.proxy;
			inputFiles = (
			);
			isEditable = 0;
			name = "Cargo project build";
			outputFiles = (
				"$(TARGET_BUILD_DIR)/$(EXECUTABLE_NAME)",
			);
			runOncePerArchitecture = 0;
			script = "# generated with cargo-xcode 1.11.0\nset -euo pipefail;\nexport PATH=\"$HOME/.cargo/bin:$PATH:/usr/local/bin:/opt/homebrew/bin\";\n# don't use ios/watchos linker for build scripts and proc macros\nexport CARGO_TARGET_AARCH64_APPLE_DARWIN_LINKER=/usr/bin/ld\nexport CARGO_TARGET_X86_64_APPLE_DARWIN_LINKER=/usr/bin/ld\nexport NO_COLOR=1\n\ncase \"$PLATFORM_NAME\" in\n \"macosx\")\n  CARGO_XCODE_TARGET_OS=darwin\n  if [ \"${IS_MACCATALYST-NO}\" = YES ]; then\n   CARGO_XCODE_TARGET_OS=ios-macabi\n  fi\n  ;;\n \"iphoneos\") CARGO_XCODE_TARGET_OS=ios ;;\n \"iphonesimulator\") CARGO_XCODE_TARGET_OS=ios-sim ;;\n \"appletvos\" | \"appletvsimulator\") CARGO_XCODE_TARGET_OS=tvos ;;\n \"watchos\") CARGO_XCODE_TARGET_OS=watchos ;;\n \"watchsimulator\") CARGO_XCODE_TARGET_OS=watchos-sim ;;\n \"xros\") CARGO_XCODE_TARGET_OS=visionos ;;\n \"xrsimulator\") CARGO_XCODE_TARGET_OS=visionos-sim ;;\n *)\n  CARGO_XCODE_TARGET_OS=\"$PLATFORM_NAME\"\n  echo >&2 \"warning: cargo-xcode needs to be updated to handle $PLATFORM_NAME\"\n  ;;\nesac\n\nCARGO_XCODE_TARGET_TRIPLES=\"\"\nCARGO_XCODE_TARGET_FLAGS=\"\"\nLIPO_ARGS=\"\"\nfor arch in $ARCHS; do\n if [[ \"$arch\" == \"arm64\" ]]; then arch=aarch64; fi\n if [[ \"$arch\" == \"i386\" && \"$CARGO_XCODE_TARGET_OS\" != \"ios\" ]]; then arch=i686; fi\n triple=\"${arch}-apple-$CARGO_XCODE_TARGET_OS\"\n CARGO_XCODE_TARGET_TRIPLES+=\" $triple\"\n CARGO_XCODE_TARGET_FLAGS+=\" --target=$triple\"\n LIPO_ARGS+=\"$CARGO_TARGET_DIR/$triple/$CARGO_XCODE_BUILD_PROFILE/$CARGO_XCODE_CARGO_FILE_NAME\n\"\ndone\n\necho >&2 \"Cargo $CARGO_XCODE_BUILD_PROFILE $ACTION for $PLATFORM_NAME $ARCHS =$CARGO_XCODE_TARGET_TRIPLES; using ${SDK_NAMES:-}. \\$PATH is:\"\ntr >&2 : '\\n' <<<\"$PATH\"\n\nif command -v rustup &> /dev/null; then\n for triple in $CARGO_XCODE_TARGET_TRIPLES; do\n  if ! rustup target list --installed | grep -Eq \"^$triple$\"; then\n   echo >&2 \"warning: this build requires rustup toolchain for $triple, but it isn't installed (will try rustup next)\"\n   rustup target add \"$triple\" || {\n    echo >&2 \"warning: can't install $triple, will try nightly -Zbuild-std\";\n    OTHER_INPUT_FILE_FLAGS+=\" -Zbuild-std\";\n    if [ -z \"${RUSTUP_TOOLCHAIN:-}\" ]; then\n     export RUSTUP_TOOLCHAIN=nightly\n    fi\n    break;\n   }\n  fi\n done\nfi\n\nif [ \"$CARGO_XCODE_BUILD_PROFILE\" = release ]; then\n OTHER_INPUT_FILE_FLAGS=\"$OTHER_INPUT_FILE_FLAGS --release\"\nfi\n\nif [ \"$ACTION\" = clean ]; then\n cargo clean --verbose --manifest-path=\"$SCRIPT_INPUT_FILE\" $CARGO_XCODE_TARGET_FLAGS $OTHER_INPUT_FILE_FLAGS;\n rm -f \"$SCRIPT_OUTPUT_FILE_0\"\n exit 0\nfi\n\n{ cargo build --manifest-path=\"$SCRIPT_INPUT_FILE\" --features=\"${CARGO_XCODE_FEATURES:-}\" $CARGO_XCODE_TARGET_FLAGS $OTHER_INPUT_FILE_FLAGS --verbose --message-format=short 2>&1 | sed -E 's/^([^ :]+:[0-9]+:[0-9]+: error)/\\1: /' >&2; } || { echo >&2 \"$SCRIPT_INPUT_FILE: error: cargo-xcode project build failed; $CARGO_XCODE_TARGET_TRIPLES\"; exit 1; }\n\ntr '\\n' '\\0' <<<\"$LIPO_ARGS\" | xargs -0 lipo -create -output \"$SCRIPT_OUTPUT_FILE_0\"\n\nif [ ${LD_DYLIB_INSTALL_NAME:+1} ]; then\n install_name_tool -id \"$LD_DYLIB_INSTALL_NAME\" \"$SCRIPT_OUTPUT_FILE_0\"\nfi\n\nDEP_FILE_DST=\"$DERIVED_FILE_DIR/${ARCHS}-${EXECUTABLE_NAME}.d\"\necho \"\" > \"$DEP_FILE_DST\"\nfor triple in $CARGO_XCODE_TARGET_TRIPLES; do\n BUILT_SRC=\"$CARGO_TARGET_DIR/$triple/$CARGO_XCODE_BUILD_PROFILE/$CARGO_XCODE_CARGO_FILE_NAME\"\n\n # cargo generates a dep file, but for its own path, so append our rename to it\n DEP_FILE_SRC=\"$CARGO_TARGET_DIR/$triple/$CARGO_XCODE_BUILD_PROFILE/$CARGO_XCODE_CARGO_DEP_FILE_NAME\"\n if [ -f \"$DEP_FILE_SRC\" ]; then\n  cat \"$DEP_FILE_SRC\" >> \"$DEP_FILE_DST\"\n fi\n echo >> \"$DEP_FILE_DST\" \"${SCRIPT_OUTPUT_FILE_0/ /\\\\ /}: ${BUILT_SRC/ /\\\\ /}\"\ndone\ncat \"$DEP_FILE_DST\"\n\necho \"success: $ACTION of $SCRIPT_OUTPUT_FILE_0 for $CARGO_XCODE_TARGET_TRIPLES\"\n";
		};
/* End PBXBuildRule section */

/* Begin PBXFileReference section */
		CA00F0E2C82195EB9635735F /* ffsend.dylib */ = {isa = PBXFileReference; explicitFileType = "compiled.mach-o.dylib"; includeInIndex = 0; path = ffsend.dylib; sourceTree = BUILT_PRODUCTS_DIR; };
		CAF9E9FA2DA23EF4668187A5 /* Cargo.toml */ = {isa = PBXFileReference; fileEncoding = 4; lastKnownFileType = text; path = Cargo.toml; sourceTree = "<group>"; };
/* End PBXFileReference section */

/* Begin PBXGroup section */
		CAF0E9FA2DA2D65BC3C892A8 = {
			isa = PBXGroup;
			children = (
				CAF9E9FA2DA23EF4668187A5 /* Cargo.toml */,
				CAF1E9FA2DA222869D176AE5 /* Products */,
				CAF2E9FA2DA298AF0B5890DB /* Frameworks */,
			);
			sourceTree = "<group>";
		};
		CAF1E9FA2DA222869D176AE5 /* Products */ = {
			isa = PBXGroup;
			children = (
				CA00F0E2C82195EB9635735F /* ffsend.dylib */,
			);
			name = Products;
			sourceTree = "<group>";
		};
		CAF2E9FA2DA298AF0B5890DB /* Frameworks */ = {
			isa = PBXGroup;
			children = (
			);
			name = Frameworks;
			sourceTree = "<group>";
		};
/* End PBXGroup section */

/* Begin PBXNativeTarget section */
		CA00F0E2C8214438225C74D1 /* ffsend.dylib (cdylib) */ = {
			isa = PBXNativeTarget;
			buildConfigurationList = CA00004E429E4438225C74D1 /* Build configuration list for PBXNativeTarget "ffsend.dylib (cdylib)" */;
			buildPhases = (
				CA00DDEC33AE4438225C74D1 /* Sources */,
			);
			buildRules = (
				CAF4E9FA2DA2AC6C1400ACA8 /* PBXBuildRule */,
			);
			dependencies = (
			);
			name = "ffsend.dylib (cdylib)";
			productName = ffsend.dylib;
			productReference = CA00F0E2C82195EB9635735F /* ffsend.dylib */;
			productType = "com.apple.product-type.library.dynamic";
		};
/* End PBXNativeTarget section */

/* Begin PBXProject section */
		CAF3E9FA2DA2E04653AD465F /* Project object */ = {
			isa = PBXProject;
			attributes = {
				BuildIndependentTargetsInParallel = YES;
				LastUpgradeCheck = 1510;
				TargetAttributes = {
					CA00F0E2C8214438225C74D1 = {
						CreatedOnToolsVersion = 9.2;
						ProvisioningStyle = Automatic;
					};
				};
			};
			buildConfigurationList = CAF6E9FA2DA280E02D6C7F57 /* Build configuration list for PBXProject "libffsend" */;
			compatibilityVersion = "Xcode 11.4";
			developmentRegion = en;
			hasScannedForEncodings = 0;
			knownRegions = (
				en,
				Base,
			);
			mainGroup = CAF0E9FA2DA2D65BC3C892A8;
			productRefGroup = CAF1E9FA2DA222869D176AE5 /* Products */;
			projectDirPath = "";
			projectRoot = "";
			targets = (
				CA00F0E2C8214438225C74D1 /* ffsend.dylib (cdylib) */,
			);
		};
/* End PBXProject section */

/* Begin PBXSourcesBuildPhase section */
		CA00DDEC33AE4438225C74D1 /* Sources */ = {
			isa = PBXSourcesBuildPhase;
			buildActionMask = 2147483647;
			files = (
				CA0082A659ED4438225C74D1 /* Cargo.toml in Sources */,
			);
			runOnlyForDeploymentPostprocessing = 0;
		};
/* End PBXSourcesBuildPhase section */

/* Begin XCBuildConfiguration section */
		CA00768BF37B4438225C74D1 /* Debug */ = {
			isa = XCBuildConfiguration;
			buildSettings = {
				CARGO_XCODE_CARGO_DEP_FILE_NAME = libffsend.d;
				CARGO_XCODE_CARGO_FILE_NAME = libffsend.dylib;
				CODE_SIGN_IDENTITY = "Apple Development";
				CODE_SIGN_STYLE = Manual;
				DEVELOPMENT_TEAM = KSR6A94B7P;
				DYLIB_COMPATIBILITY_VERSION = 0;
				DYLIB_INSTALL_NAME_BASE = "@rpath";
				ENABLE_HARDENED_RUNTIME = YES;
				ENABLE_OUTGOING_NETWORK_CONNECTIONS = YES;
				MACOSX_DEPLOYMENT_TARGET = 10.13;
				PRODUCT_NAME = ffsend;
				SUPPORTED_PLATFORMS = macosx;
				SUPPORTS_MACCATALYST = NO;
			};
			name = Debug;
		};
		CA00BA2FDF5F4438225C74D1 /* Release */ = {
			isa = XCBuildConfiguration;
			buildSettings = {
				CARGO_XCODE_CARGO_DEP_FILE_NAME = libffsend.d;
				CARGO_XCODE_CARGO_FILE_NAME = libffsend.dylib;
				CODE_SIGN_IDENTITY = "Apple Development";
				CODE_SIGN_STYLE = Manual;
				DEVELOPMENT_TEAM = KSR6A94B7P;
				DYLIB_COMPATIBILITY_VERSION = 0;
				DYLIB_INSTALL_NAME_BASE = "@rpath";
				ENABLE_HARDENED_RUNTIME = YES;
				ENABLE_OUTGOING_NETWORK_CONNECTIONS = YES;
				MACOSX_DEPLOYMENT_TARGET = 10.13;
				PRODUCT_NAME = ffsend;
				SUPPORTED_PLATFORMS = macosx;
				SUPPORTS_MACCATALYST = NO;
			};
			name = Release;
		};
		CAF7A7C86E7B3CC16B37690B /* Release */ = {
			isa = XCBuildConfiguration;
			buildSettings = {
				"ADDITIONAL_SDKS[sdk=i*]" = macosx;
				ALWAYS_SEARCH_USER_PATHS = NO;
				CARGO_TARGET_DIR = "$(PROJECT_TEMP_DIR)/cargo_target";
				CARGO_XCODE_BUILD_PROFILE = release;
				CARGO_XCODE_FEATURES = "";
				CURRENT_PROJECT_VERSION = 0.1;
				ENABLE_USER_SCRIPT_SANDBOXING = NO;
				MARKETING_VERSION = 0.1.1;
				PRODUCT_NAME = libffsend;
				RUSTUP_TOOLCHAIN = "";
				SDKROOT = macosx;
				SUPPORTS_MACCATALYST = YES;
			};
			name = Release;
		};
		CAF8A7C86E7B228BE02872F8 /* Debug */ = {
			isa = XCBuildConfiguration;
			buildSettings = {
				"ADDITIONAL_SDKS[sdk=i*]" = macosx;
				ALWAYS_SEARCH_USER_PATHS = NO;
				CARGO_TARGET_DIR = "$(PROJECT_TEMP_DIR)/cargo_target";
				CARGO_XCODE_BUILD_PROFILE = debug;
				CARGO_XCODE_FEATURES = "";
				CURRENT_PROJECT_VERSION = 0.1;
				ENABLE_USER_SCRIPT_SANDBOXING = NO;
				MARKETING_VERSION = 0.1.1;
				ONLY_ACTIVE_ARCH = YES;
				PRODUCT_NAME = libffsend;
				RUSTUP_TOOLCHAIN = "";
				SDKROOT = macosx;
				SUPPORTS_MACCATALYST = YES;
			};
			name = Debug;
		};
/* End XCBuildConfiguration section */

/* Begin XCConfigurationList section */
		CA00004E429E4438225C74D1 /* Build configuration list for PBXNativeTarget "ffsend.dylib (cdylib)" */ = {
			isa = XCConfigurationList;
			buildConfigurations = (
				CA00BA2FDF5F4438225C74D1 /* Release */,
				CA00768BF37B4438225C74D1 /* Debug */,
			);
			defaultConfigurationIsVisible = 0;
			defaultConfigurationName = Release;
		};
		CAF6E9FA2DA280E02D6C7F57 /* Build configuration list for PBXProject "libffsend" */ = {
			isa = XCConfigurationList;
			buildConfigurations = (
				CAF7A7C86E7B3CC16B37690B /* Release */,
				CAF8A7C86E7B228BE02872F8 /* Debug */,
			);
			defaultConfigurationIsVisible = 0;
			defaultConfigurationName = Release;
		};
/* End XCConfigurationList section */
	};
	rootObject = CAF3E9FA2DA2E04653AD465F /* Project object */;
}
